// !$*UTF8*$!
{
	archiveVersion = 1;
	classes = {
	};
	objectVersion = 46;
	objects = {

/* Begin PBXBuildFile section */
		6F4327041A382D49001CEE03 /* libxml2.dylib in Frameworks */ = {isa = PBXBuildFile; fileRef = 6FBE49541A381ECD003E490E /* libxml2.dylib */; };
		6F4D11481A3867CF0075AEFB /* MKAnnotationView+WebCache.m in Sources */ = {isa = PBXBuildFile; fileRef = 6F4D11281A3867CF0075AEFB /* MKAnnotationView+WebCache.m */; };
		6F4D11491A3867CF0075AEFB /* NSData+ImageContentType.m in Sources */ = {isa = PBXBuildFile; fileRef = 6F4D112A1A3867CF0075AEFB /* NSData+ImageContentType.m */; };
		6F4D114A1A3867CF0075AEFB /* SDImageCache.m in Sources */ = {isa = PBXBuildFile; fileRef = 6F4D112C1A3867CF0075AEFB /* SDImageCache.m */; };
		6F4D114B1A3867CF0075AEFB /* SDWebImageCompat.m in Sources */ = {isa = PBXBuildFile; fileRef = 6F4D112E1A3867CF0075AEFB /* SDWebImageCompat.m */; };
		6F4D114C1A3867CF0075AEFB /* SDWebImageDecoder.m in Sources */ = {isa = PBXBuildFile; fileRef = 6F4D11301A3867CF0075AEFB /* SDWebImageDecoder.m */; };
		6F4D114D1A3867CF0075AEFB /* SDWebImageDownloader.m in Sources */ = {isa = PBXBuildFile; fileRef = 6F4D11321A3867CF0075AEFB /* SDWebImageDownloader.m */; };
		6F4D114E1A3867CF0075AEFB /* SDWebImageDownloaderOperation.m in Sources */ = {isa = PBXBuildFile; fileRef = 6F4D11341A3867CF0075AEFB /* SDWebImageDownloaderOperation.m */; };
		6F4D114F1A3867CF0075AEFB /* SDWebImageManager.m in Sources */ = {isa = PBXBuildFile; fileRef = 6F4D11361A3867CF0075AEFB /* SDWebImageManager.m */; };
		6F4D11501A3867CF0075AEFB /* SDWebImagePrefetcher.m in Sources */ = {isa = PBXBuildFile; fileRef = 6F4D11391A3867CF0075AEFB /* SDWebImagePrefetcher.m */; };
		6F4D11511A3867CF0075AEFB /* UIButton+WebCache.m in Sources */ = {isa = PBXBuildFile; fileRef = 6F4D113B1A3867CF0075AEFB /* UIButton+WebCache.m */; };
		6F4D11521A3867CF0075AEFB /* UIImage+GIF.m in Sources */ = {isa = PBXBuildFile; fileRef = 6F4D113D1A3867CF0075AEFB /* UIImage+GIF.m */; };
		6F4D11531A3867CF0075AEFB /* UIImage+MultiFormat.m in Sources */ = {isa = PBXBuildFile; fileRef = 6F4D113F1A3867CF0075AEFB /* UIImage+MultiFormat.m */; };
		6F4D11541A3867CF0075AEFB /* UIImage+WebP.m in Sources */ = {isa = PBXBuildFile; fileRef = 6F4D11411A3867CF0075AEFB /* UIImage+WebP.m */; };
		6F4D11551A3867CF0075AEFB /* UIImageView+HighlightedWebCache.m in Sources */ = {isa = PBXBuildFile; fileRef = 6F4D11431A3867CF0075AEFB /* UIImageView+HighlightedWebCache.m */; };
		6F4D11561A3867CF0075AEFB /* UIImageView+WebCache.m in Sources */ = {isa = PBXBuildFile; fileRef = 6F4D11451A3867CF0075AEFB /* UIImageView+WebCache.m */; };
		6F4D11571A3867CF0075AEFB /* UIView+WebCacheOperation.m in Sources */ = {isa = PBXBuildFile; fileRef = 6F4D11471A3867CF0075AEFB /* UIView+WebCacheOperation.m */; };
		6F4D11591A3867EC0075AEFB /* ImageIO.framework in Frameworks */ = {isa = PBXBuildFile; fileRef = 6F4D11581A3867EC0075AEFB /* ImageIO.framework */; };
		6F4D115B1A3867F50075AEFB /* MapKit.framework in Frameworks */ = {isa = PBXBuildFile; fileRef = 6F4D115A1A3867F50075AEFB /* MapKit.framework */; };
		6FBE48C61A37FBF3003E490E /* MainTabBarController.m in Sources */ = {isa = PBXBuildFile; fileRef = 6FBE48C51A37FBF3003E490E /* MainTabBarController.m */; };
		6FBE48CA1A37FC60003E490E /* HomeViewController.m in Sources */ = {isa = PBXBuildFile; fileRef = 6FBE48C81A37FC60003E490E /* HomeViewController.m */; };
		6FBE48CB1A37FC60003E490E /* HomeViewController.xib in Resources */ = {isa = PBXBuildFile; fileRef = 6FBE48C91A37FC60003E490E /* HomeViewController.xib */; };
		6FBE48CF1A37FC81003E490E /* DownLoadViewController.m in Sources */ = {isa = PBXBuildFile; fileRef = 6FBE48CD1A37FC81003E490E /* DownLoadViewController.m */; };
		6FBE48D01A37FC81003E490E /* DownLoadViewController.xib in Resources */ = {isa = PBXBuildFile; fileRef = 6FBE48CE1A37FC81003E490E /* DownLoadViewController.xib */; };
		6FBE48D41A37FCCF003E490E /* PlayViewController.m in Sources */ = {isa = PBXBuildFile; fileRef = 6FBE48D21A37FCCF003E490E /* PlayViewController.m */; };
		6FBE48D51A37FCCF003E490E /* PlayViewController.xib in Resources */ = {isa = PBXBuildFile; fileRef = 6FBE48D31A37FCCF003E490E /* PlayViewController.xib */; };
		6FBE48D91A37FD67003E490E /* UIColor+StringColor.m in Sources */ = {isa = PBXBuildFile; fileRef = 6FBE48D81A37FD67003E490E /* UIColor+StringColor.m */; };
		6FBE48DC1A37FD88003E490E /* NSString+Addtion.m in Sources */ = {isa = PBXBuildFile; fileRef = 6FBE48DB1A37FD88003E490E /* NSString+Addtion.m */; };
		6FBE48EF1A381BC1003E490E /* download_normal.png in Resources */ = {isa = PBXBuildFile; fileRef = 6FBE48E91A381BC1003E490E /* download_normal.png */; };
		6FBE48F01A381BC1003E490E /* download_select.png in Resources */ = {isa = PBXBuildFile; fileRef = 6FBE48EA1A381BC1003E490E /* download_select.png */; };
		6FBE48F11A381BC1003E490E /* home_normal.png in Resources */ = {isa = PBXBuildFile; fileRef = 6FBE48EB1A381BC1003E490E /* home_normal.png */; };
		6FBE48F21A381BC1003E490E /* play_normal.png in Resources */ = {isa = PBXBuildFile; fileRef = 6FBE48EC1A381BC1003E490E /* play_normal.png */; };
		6FBE48F31A381BC1003E490E /* play_select.png in Resources */ = {isa = PBXBuildFile; fileRef = 6FBE48ED1A381BC1003E490E /* play_select.png */; };
		6FBE48F41A381BC1003E490E /* home_select.png in Resources */ = {isa = PBXBuildFile; fileRef = 6FBE48EE1A381BC1003E490E /* home_select.png */; };
		6FBE48FC1A381DC5003E490E /* README-GHUnit in Resources */ = {isa = PBXBuildFile; fileRef = 6FBE48F81A381DC5003E490E /* README-GHUnit */; };
		6FBE48FD1A381DC5003E490E /* Reachability.m in Sources */ = {isa = PBXBuildFile; fileRef = 6FBE48FB1A381DC5003E490E /* Reachability.m */; settings = {COMPILER_FLAGS = "-fno-objc-arc"; }; };
		6FBE49341A381DCE003E490E /* ASIAuthenticationDialog.m in Sources */ = {isa = PBXBuildFile; fileRef = 6FBE49001A381DCE003E490E /* ASIAuthenticationDialog.m */; settings = {COMPILER_FLAGS = "-fno-objc-arc"; }; };
		6FBE49351A381DCE003E490E /* ASIDataCompressor.m in Sources */ = {isa = PBXBuildFile; fileRef = 6FBE49031A381DCE003E490E /* ASIDataCompressor.m */; settings = {COMPILER_FLAGS = "-fno-objc-arc"; }; };
		6FBE49361A381DCE003E490E /* ASIDataDecompressor.m in Sources */ = {isa = PBXBuildFile; fileRef = 6FBE49051A381DCE003E490E /* ASIDataDecompressor.m */; settings = {COMPILER_FLAGS = "-fno-objc-arc"; }; };
		6FBE49371A381DCE003E490E /* ASIDownloadCache.m in Sources */ = {isa = PBXBuildFile; fileRef = 6FBE49071A381DCE003E490E /* ASIDownloadCache.m */; settings = {COMPILER_FLAGS = "-fno-objc-arc"; }; };
		6FBE49381A381DCE003E490E /* ASIFormDataRequest.m in Sources */ = {isa = PBXBuildFile; fileRef = 6FBE49091A381DCE003E490E /* ASIFormDataRequest.m */; settings = {COMPILER_FLAGS = "-fno-objc-arc"; }; };
		6FBE49391A381DCE003E490E /* ASIHTTPRequest.m in Sources */ = {isa = PBXBuildFile; fileRef = 6FBE490B1A381DCE003E490E /* ASIHTTPRequest.m */; settings = {COMPILER_FLAGS = "-fno-objc-arc"; }; };
		6FBE493A1A381DCE003E490E /* ASIInputStream.m in Sources */ = {isa = PBXBuildFile; fileRef = 6FBE490F1A381DCE003E490E /* ASIInputStream.m */; settings = {COMPILER_FLAGS = "-fno-objc-arc"; }; };
		6FBE493B1A381DCE003E490E /* ASINetworkQueue.m in Sources */ = {isa = PBXBuildFile; fileRef = 6FBE49111A381DCE003E490E /* ASINetworkQueue.m */; settings = {COMPILER_FLAGS = "-fno-objc-arc"; }; };
		6FBE493C1A381DCE003E490E /* ASIWebPageRequest.m in Sources */ = {isa = PBXBuildFile; fileRef = 6FBE49151A381DCE003E490E /* ASIWebPageRequest.m */; settings = {COMPILER_FLAGS = "-fno-objc-arc"; }; };
		6FBE493D1A381DCE003E490E /* ASICloudFilesCDNRequest.m in Sources */ = {isa = PBXBuildFile; fileRef = 6FBE49181A381DCE003E490E /* ASICloudFilesCDNRequest.m */; settings = {COMPILER_FLAGS = "-fno-objc-arc"; }; };
		6FBE493E1A381DCE003E490E /* ASICloudFilesContainer.m in Sources */ = {isa = PBXBuildFile; fileRef = 6FBE491A1A381DCE003E490E /* ASICloudFilesContainer.m */; settings = {COMPILER_FLAGS = "-fno-objc-arc"; }; };
		6FBE493F1A381DCE003E490E /* ASICloudFilesContainerRequest.m in Sources */ = {isa = PBXBuildFile; fileRef = 6FBE491C1A381DCE003E490E /* ASICloudFilesContainerRequest.m */; settings = {COMPILER_FLAGS = "-fno-objc-arc"; }; };
		6FBE49401A381DCE003E490E /* ASICloudFilesContainerXMLParserDelegate.m in Sources */ = {isa = PBXBuildFile; fileRef = 6FBE491E1A381DCE003E490E /* ASICloudFilesContainerXMLParserDelegate.m */; settings = {COMPILER_FLAGS = "-fno-objc-arc"; }; };
		6FBE49411A381DCE003E490E /* ASICloudFilesObject.m in Sources */ = {isa = PBXBuildFile; fileRef = 6FBE49201A381DCE003E490E /* ASICloudFilesObject.m */; settings = {COMPILER_FLAGS = "-fno-objc-arc"; }; };
		6FBE49421A381DCE003E490E /* ASICloudFilesObjectRequest.m in Sources */ = {isa = PBXBuildFile; fileRef = 6FBE49221A381DCE003E490E /* ASICloudFilesObjectRequest.m */; settings = {COMPILER_FLAGS = "-fno-objc-arc"; }; };
		6FBE49431A381DCE003E490E /* ASICloudFilesRequest.m in Sources */ = {isa = PBXBuildFile; fileRef = 6FBE49241A381DCE003E490E /* ASICloudFilesRequest.m */; settings = {COMPILER_FLAGS = "-fno-objc-arc"; }; };
		6FBE49441A381DCE003E490E /* ASIS3Bucket.m in Sources */ = {isa = PBXBuildFile; fileRef = 6FBE49281A381DCE003E490E /* ASIS3Bucket.m */; settings = {COMPILER_FLAGS = "-fno-objc-arc"; }; };
		6FBE49451A381DCE003E490E /* ASIS3BucketObject.m in Sources */ = {isa = PBXBuildFile; fileRef = 6FBE492A1A381DCE003E490E /* ASIS3BucketObject.m */; settings = {COMPILER_FLAGS = "-fno-objc-arc"; }; };
		6FBE49461A381DCE003E490E /* ASIS3BucketRequest.m in Sources */ = {isa = PBXBuildFile; fileRef = 6FBE492C1A381DCE003E490E /* ASIS3BucketRequest.m */; settings = {COMPILER_FLAGS = "-fno-objc-arc"; }; };
		6FBE49471A381DCE003E490E /* ASIS3ObjectRequest.m in Sources */ = {isa = PBXBuildFile; fileRef = 6FBE492E1A381DCE003E490E /* ASIS3ObjectRequest.m */; settings = {COMPILER_FLAGS = "-fno-objc-arc"; }; };
		6FBE49481A381DCE003E490E /* ASIS3Request.m in Sources */ = {isa = PBXBuildFile; fileRef = 6FBE49301A381DCE003E490E /* ASIS3Request.m */; settings = {COMPILER_FLAGS = "-fno-objc-arc"; }; };
		6FBE49491A381DCE003E490E /* ASIS3ServiceRequest.m in Sources */ = {isa = PBXBuildFile; fileRef = 6FBE49321A381DCE003E490E /* ASIS3ServiceRequest.m */; settings = {COMPILER_FLAGS = "-fno-objc-arc"; }; };
		6FBE494B1A381E73003E490E /* CFNetwork.framework in Frameworks */ = {isa = PBXBuildFile; fileRef = 6FBE494A1A381E73003E490E /* CFNetwork.framework */; };
		6FBE494D1A381E8E003E490E /* SystemConfiguration.framework in Frameworks */ = {isa = PBXBuildFile; fileRef = 6FBE494C1A381E8E003E490E /* SystemConfiguration.framework */; };
		6FBE494F1A381E9D003E490E /* MobileCoreServices.framework in Frameworks */ = {isa = PBXBuildFile; fileRef = 6FBE494E1A381E9D003E490E /* MobileCoreServices.framework */; };
		6FBE49511A381EA7003E490E /* CoreGraphics.framework in Frameworks */ = {isa = PBXBuildFile; fileRef = 6FBE49501A381EA7003E490E /* CoreGraphics.framework */; };
		6FBE49531A381EC1003E490E /* libz.dylib in Frameworks */ = {isa = PBXBuildFile; fileRef = 6FBE49521A381EC1003E490E /* libz.dylib */; };
		6FCDE1B71A385A02000799E9 /* bg_setting_off.png in Resources */ = {isa = PBXBuildFile; fileRef = 6FCDE1B51A385A02000799E9 /* bg_setting_off.png */; };
		6FCDE1B81A385A02000799E9 /* bg_setting_on.png in Resources */ = {isa = PBXBuildFile; fileRef = 6FCDE1B61A385A02000799E9 /* bg_setting_on.png */; };
		6FCDE1BC1A385B73000799E9 /* search_flag_image.png in Resources */ = {isa = PBXBuildFile; fileRef = 6FCDE1BB1A385B73000799E9 /* search_flag_image.png */; };
		C49D26B51A3591E100FA192F /* main.m in Sources */ = {isa = PBXBuildFile; fileRef = C49D26B41A3591E100FA192F /* main.m */; };
		C49D26B81A3591E100FA192F /* AppDelegate.m in Sources */ = {isa = PBXBuildFile; fileRef = C49D26B71A3591E100FA192F /* AppDelegate.m */; };
		C49D26C01A3591E100FA192F /* Images.xcassets in Resources */ = {isa = PBXBuildFile; fileRef = C49D26BF1A3591E100FA192F /* Images.xcassets */; };
		C49D26C31A3591E100FA192F /* LaunchScreen.xib in Resources */ = {isa = PBXBuildFile; fileRef = C49D26C11A3591E100FA192F /* LaunchScreen.xib */; };
		C49D26CF1A3591E100FA192F /* iyoursTests.m in Sources */ = {isa = PBXBuildFile; fileRef = C49D26CE1A3591E100FA192F /* iyoursTests.m */; };
/* End PBXBuildFile section */

/* Begin PBXContainerItemProxy section */
		C49D26C91A3591E100FA192F /* PBXContainerItemProxy */ = {
			isa = PBXContainerItemProxy;
			containerPortal = C49D26A71A3591E000FA192F /* Project object */;
			proxyType = 1;
			remoteGlobalIDString = C49D26AE1A3591E100FA192F;
			remoteInfo = iyours;
		};
/* End PBXContainerItemProxy section */

/* Begin PBXFileReference section */
		6F4327021A382D1C001CEE03 /* libxml2.2.dylib */ = {isa = PBXFileReference; lastKnownFileType = "compiled.mach-o.dylib"; name = libxml2.2.dylib; path = usr/lib/libxml2.2.dylib; sourceTree = SDKROOT; };
		6F4D11271A3867CF0075AEFB /* MKAnnotationView+WebCache.h */ = {isa = PBXFileReference; fileEncoding = 4; lastKnownFileType = sourcecode.c.h; path = "MKAnnotationView+WebCache.h"; sourceTree = "<group>"; };
		6F4D11281A3867CF0075AEFB /* MKAnnotationView+WebCache.m */ = {isa = PBXFileReference; fileEncoding = 4; lastKnownFileType = sourcecode.c.objc; path = "MKAnnotationView+WebCache.m"; sourceTree = "<group>"; };
		6F4D11291A3867CF0075AEFB /* NSData+ImageContentType.h */ = {isa = PBXFileReference; fileEncoding = 4; lastKnownFileType = sourcecode.c.h; path = "NSData+ImageContentType.h"; sourceTree = "<group>"; };
		6F4D112A1A3867CF0075AEFB /* NSData+ImageContentType.m */ = {isa = PBXFileReference; fileEncoding = 4; lastKnownFileType = sourcecode.c.objc; path = "NSData+ImageContentType.m"; sourceTree = "<group>"; };
		6F4D112B1A3867CF0075AEFB /* SDImageCache.h */ = {isa = PBXFileReference; fileEncoding = 4; lastKnownFileType = sourcecode.c.h; path = SDImageCache.h; sourceTree = "<group>"; };
		6F4D112C1A3867CF0075AEFB /* SDImageCache.m */ = {isa = PBXFileReference; fileEncoding = 4; lastKnownFileType = sourcecode.c.objc; path = SDImageCache.m; sourceTree = "<group>"; };
		6F4D112D1A3867CF0075AEFB /* SDWebImageCompat.h */ = {isa = PBXFileReference; fileEncoding = 4; lastKnownFileType = sourcecode.c.h; path = SDWebImageCompat.h; sourceTree = "<group>"; };
		6F4D112E1A3867CF0075AEFB /* SDWebImageCompat.m */ = {isa = PBXFileReference; fileEncoding = 4; lastKnownFileType = sourcecode.c.objc; path = SDWebImageCompat.m; sourceTree = "<group>"; };
		6F4D112F1A3867CF0075AEFB /* SDWebImageDecoder.h */ = {isa = PBXFileReference; fileEncoding = 4; lastKnownFileType = sourcecode.c.h; path = SDWebImageDecoder.h; sourceTree = "<group>"; };
		6F4D11301A3867CF0075AEFB /* SDWebImageDecoder.m */ = {isa = PBXFileReference; fileEncoding = 4; lastKnownFileType = sourcecode.c.objc; path = SDWebImageDecoder.m; sourceTree = "<group>"; };
		6F4D11311A3867CF0075AEFB /* SDWebImageDownloader.h */ = {isa = PBXFileReference; fileEncoding = 4; lastKnownFileType = sourcecode.c.h; path = SDWebImageDownloader.h; sourceTree = "<group>"; };
		6F4D11321A3867CF0075AEFB /* SDWebImageDownloader.m */ = {isa = PBXFileReference; fileEncoding = 4; lastKnownFileType = sourcecode.c.objc; path = SDWebImageDownloader.m; sourceTree = "<group>"; };
		6F4D11331A3867CF0075AEFB /* SDWebImageDownloaderOperation.h */ = {isa = PBXFileReference; fileEncoding = 4; lastKnownFileType = sourcecode.c.h; path = SDWebImageDownloaderOperation.h; sourceTree = "<group>"; };
		6F4D11341A3867CF0075AEFB /* SDWebImageDownloaderOperation.m */ = {isa = PBXFileReference; fileEncoding = 4; lastKnownFileType = sourcecode.c.objc; path = SDWebImageDownloaderOperation.m; sourceTree = "<group>"; };
		6F4D11351A3867CF0075AEFB /* SDWebImageManager.h */ = {isa = PBXFileReference; fileEncoding = 4; lastKnownFileType = sourcecode.c.h; path = SDWebImageManager.h; sourceTree = "<group>"; };
		6F4D11361A3867CF0075AEFB /* SDWebImageManager.m */ = {isa = PBXFileReference; fileEncoding = 4; lastKnownFileType = sourcecode.c.objc; path = SDWebImageManager.m; sourceTree = "<group>"; };
		6F4D11371A3867CF0075AEFB /* SDWebImageOperation.h */ = {isa = PBXFileReference; fileEncoding = 4; lastKnownFileType = sourcecode.c.h; path = SDWebImageOperation.h; sourceTree = "<group>"; };
		6F4D11381A3867CF0075AEFB /* SDWebImagePrefetcher.h */ = {isa = PBXFileReference; fileEncoding = 4; lastKnownFileType = sourcecode.c.h; path = SDWebImagePrefetcher.h; sourceTree = "<group>"; };
		6F4D11391A3867CF0075AEFB /* SDWebImagePrefetcher.m */ = {isa = PBXFileReference; fileEncoding = 4; lastKnownFileType = sourcecode.c.objc; path = SDWebImagePrefetcher.m; sourceTree = "<group>"; };
		6F4D113A1A3867CF0075AEFB /* UIButton+WebCache.h */ = {isa = PBXFileReference; fileEncoding = 4; lastKnownFileType = sourcecode.c.h; path = "UIButton+WebCache.h"; sourceTree = "<group>"; };
		6F4D113B1A3867CF0075AEFB /* UIButton+WebCache.m */ = {isa = PBXFileReference; fileEncoding = 4; lastKnownFileType = sourcecode.c.objc; path = "UIButton+WebCache.m"; sourceTree = "<group>"; };
		6F4D113C1A3867CF0075AEFB /* UIImage+GIF.h */ = {isa = PBXFileReference; fileEncoding = 4; lastKnownFileType = sourcecode.c.h; path = "UIImage+GIF.h"; sourceTree = "<group>"; };
		6F4D113D1A3867CF0075AEFB /* UIImage+GIF.m */ = {isa = PBXFileReference; fileEncoding = 4; lastKnownFileType = sourcecode.c.objc; path = "UIImage+GIF.m"; sourceTree = "<group>"; };
		6F4D113E1A3867CF0075AEFB /* UIImage+MultiFormat.h */ = {isa = PBXFileReference; fileEncoding = 4; lastKnownFileType = sourcecode.c.h; path = "UIImage+MultiFormat.h"; sourceTree = "<group>"; };
		6F4D113F1A3867CF0075AEFB /* UIImage+MultiFormat.m */ = {isa = PBXFileReference; fileEncoding = 4; lastKnownFileType = sourcecode.c.objc; path = "UIImage+MultiFormat.m"; sourceTree = "<group>"; };
		6F4D11401A3867CF0075AEFB /* UIImage+WebP.h */ = {isa = PBXFileReference; fileEncoding = 4; lastKnownFileType = sourcecode.c.h; path = "UIImage+WebP.h"; sourceTree = "<group>"; };
		6F4D11411A3867CF0075AEFB /* UIImage+WebP.m */ = {isa = PBXFileReference; fileEncoding = 4; lastKnownFileType = sourcecode.c.objc; path = "UIImage+WebP.m"; sourceTree = "<group>"; };
		6F4D11421A3867CF0075AEFB /* UIImageView+HighlightedWebCache.h */ = {isa = PBXFileReference; fileEncoding = 4; lastKnownFileType = sourcecode.c.h; path = "UIImageView+HighlightedWebCache.h"; sourceTree = "<group>"; };
		6F4D11431A3867CF0075AEFB /* UIImageView+HighlightedWebCache.m */ = {isa = PBXFileReference; fileEncoding = 4; lastKnownFileType = sourcecode.c.objc; path = "UIImageView+HighlightedWebCache.m"; sourceTree = "<group>"; };
		6F4D11441A3867CF0075AEFB /* UIImageView+WebCache.h */ = {isa = PBXFileReference; fileEncoding = 4; lastKnownFileType = sourcecode.c.h; path = "UIImageView+WebCache.h"; sourceTree = "<group>"; };
		6F4D11451A3867CF0075AEFB /* UIImageView+WebCache.m */ = {isa = PBXFileReference; fileEncoding = 4; lastKnownFileType = sourcecode.c.objc; path = "UIImageView+WebCache.m"; sourceTree = "<group>"; };
		6F4D11461A3867CF0075AEFB /* UIView+WebCacheOperation.h */ = {isa = PBXFileReference; fileEncoding = 4; lastKnownFileType = sourcecode.c.h; path = "UIView+WebCacheOperation.h"; sourceTree = "<group>"; };
		6F4D11471A3867CF0075AEFB /* UIView+WebCacheOperation.m */ = {isa = PBXFileReference; fileEncoding = 4; lastKnownFileType = sourcecode.c.objc; path = "UIView+WebCacheOperation.m"; sourceTree = "<group>"; };
		6F4D11581A3867EC0075AEFB /* ImageIO.framework */ = {isa = PBXFileReference; lastKnownFileType = wrapper.framework; name = ImageIO.framework; path = System/Library/Frameworks/ImageIO.framework; sourceTree = SDKROOT; };
		6F4D115A1A3867F50075AEFB /* MapKit.framework */ = {isa = PBXFileReference; lastKnownFileType = wrapper.framework; name = MapKit.framework; path = System/Library/Frameworks/MapKit.framework; sourceTree = SDKROOT; };
		6FBE48C41A37FBF3003E490E /* MainTabBarController.h */ = {isa = PBXFileReference; fileEncoding = 4; lastKnownFileType = sourcecode.c.h; path = MainTabBarController.h; sourceTree = "<group>"; };
		6FBE48C51A37FBF3003E490E /* MainTabBarController.m */ = {isa = PBXFileReference; fileEncoding = 4; lastKnownFileType = sourcecode.c.objc; path = MainTabBarController.m; sourceTree = "<group>"; };
		6FBE48C71A37FC60003E490E /* HomeViewController.h */ = {isa = PBXFileReference; fileEncoding = 4; lastKnownFileType = sourcecode.c.h; path = HomeViewController.h; sourceTree = "<group>"; };
		6FBE48C81A37FC60003E490E /* HomeViewController.m */ = {isa = PBXFileReference; fileEncoding = 4; lastKnownFileType = sourcecode.c.objc; path = HomeViewController.m; sourceTree = "<group>"; };
		6FBE48C91A37FC60003E490E /* HomeViewController.xib */ = {isa = PBXFileReference; fileEncoding = 4; lastKnownFileType = file.xib; path = HomeViewController.xib; sourceTree = "<group>"; };
		6FBE48CC1A37FC81003E490E /* DownLoadViewController.h */ = {isa = PBXFileReference; fileEncoding = 4; lastKnownFileType = sourcecode.c.h; path = DownLoadViewController.h; sourceTree = "<group>"; };
		6FBE48CD1A37FC81003E490E /* DownLoadViewController.m */ = {isa = PBXFileReference; fileEncoding = 4; lastKnownFileType = sourcecode.c.objc; path = DownLoadViewController.m; sourceTree = "<group>"; };
		6FBE48CE1A37FC81003E490E /* DownLoadViewController.xib */ = {isa = PBXFileReference; fileEncoding = 4; lastKnownFileType = file.xib; path = DownLoadViewController.xib; sourceTree = "<group>"; };
		6FBE48D11A37FCCF003E490E /* PlayViewController.h */ = {isa = PBXFileReference; fileEncoding = 4; lastKnownFileType = sourcecode.c.h; path = PlayViewController.h; sourceTree = "<group>"; };
		6FBE48D21A37FCCF003E490E /* PlayViewController.m */ = {isa = PBXFileReference; fileEncoding = 4; lastKnownFileType = sourcecode.c.objc; path = PlayViewController.m; sourceTree = "<group>"; };
		6FBE48D31A37FCCF003E490E /* PlayViewController.xib */ = {isa = PBXFileReference; fileEncoding = 4; lastKnownFileType = file.xib; path = PlayViewController.xib; sourceTree = "<group>"; };
		6FBE48D71A37FD67003E490E /* UIColor+StringColor.h */ = {isa = PBXFileReference; fileEncoding = 4; lastKnownFileType = sourcecode.c.h; path = "UIColor+StringColor.h"; sourceTree = "<group>"; };
		6FBE48D81A37FD67003E490E /* UIColor+StringColor.m */ = {isa = PBXFileReference; fileEncoding = 4; lastKnownFileType = sourcecode.c.objc; path = "UIColor+StringColor.m"; sourceTree = "<group>"; };
		6FBE48DA1A37FD88003E490E /* NSString+Addtion.h */ = {isa = PBXFileReference; fileEncoding = 4; lastKnownFileType = sourcecode.c.h; path = "NSString+Addtion.h"; sourceTree = "<group>"; };
		6FBE48DB1A37FD88003E490E /* NSString+Addtion.m */ = {isa = PBXFileReference; fileEncoding = 4; lastKnownFileType = sourcecode.c.objc; path = "NSString+Addtion.m"; sourceTree = "<group>"; };
		6FBE48E91A381BC1003E490E /* download_normal.png */ = {isa = PBXFileReference; lastKnownFileType = image.png; path = download_normal.png; sourceTree = "<group>"; };
		6FBE48EA1A381BC1003E490E /* download_select.png */ = {isa = PBXFileReference; lastKnownFileType = image.png; path = download_select.png; sourceTree = "<group>"; };
		6FBE48EB1A381BC1003E490E /* home_normal.png */ = {isa = PBXFileReference; lastKnownFileType = image.png; path = home_normal.png; sourceTree = "<group>"; };
		6FBE48EC1A381BC1003E490E /* play_normal.png */ = {isa = PBXFileReference; lastKnownFileType = image.png; path = play_normal.png; sourceTree = "<group>"; };
		6FBE48ED1A381BC1003E490E /* play_select.png */ = {isa = PBXFileReference; lastKnownFileType = image.png; path = play_select.png; sourceTree = "<group>"; };
		6FBE48EE1A381BC1003E490E /* home_select.png */ = {isa = PBXFileReference; lastKnownFileType = image.png; path = home_select.png; sourceTree = "<group>"; };
		6FBE48F81A381DC5003E490E /* README-GHUnit */ = {isa = PBXFileReference; fileEncoding = 4; lastKnownFileType = text; path = "README-GHUnit"; sourceTree = "<group>"; };
		6FBE48FA1A381DC5003E490E /* Reachability.h */ = {isa = PBXFileReference; fileEncoding = 4; lastKnownFileType = sourcecode.c.h; path = Reachability.h; sourceTree = "<group>"; };
		6FBE48FB1A381DC5003E490E /* Reachability.m */ = {isa = PBXFileReference; fileEncoding = 4; lastKnownFileType = sourcecode.c.objc; path = Reachability.m; sourceTree = "<group>"; };
		6FBE48FF1A381DCE003E490E /* ASIAuthenticationDialog.h */ = {isa = PBXFileReference; fileEncoding = 4; lastKnownFileType = sourcecode.c.h; path = ASIAuthenticationDialog.h; sourceTree = "<group>"; };
		6FBE49001A381DCE003E490E /* ASIAuthenticationDialog.m */ = {isa = PBXFileReference; fileEncoding = 4; lastKnownFileType = sourcecode.c.objc; path = ASIAuthenticationDialog.m; sourceTree = "<group>"; };
		6FBE49011A381DCE003E490E /* ASICacheDelegate.h */ = {isa = PBXFileReference; fileEncoding = 4; lastKnownFileType = sourcecode.c.h; path = ASICacheDelegate.h; sourceTree = "<group>"; };
		6FBE49021A381DCE003E490E /* ASIDataCompressor.h */ = {isa = PBXFileReference; fileEncoding = 4; lastKnownFileType = sourcecode.c.h; path = ASIDataCompressor.h; sourceTree = "<group>"; };
		6FBE49031A381DCE003E490E /* ASIDataCompressor.m */ = {isa = PBXFileReference; fileEncoding = 4; lastKnownFileType = sourcecode.c.objc; path = ASIDataCompressor.m; sourceTree = "<group>"; };
		6FBE49041A381DCE003E490E /* ASIDataDecompressor.h */ = {isa = PBXFileReference; fileEncoding = 4; lastKnownFileType = sourcecode.c.h; path = ASIDataDecompressor.h; sourceTree = "<group>"; };
		6FBE49051A381DCE003E490E /* ASIDataDecompressor.m */ = {isa = PBXFileReference; fileEncoding = 4; lastKnownFileType = sourcecode.c.objc; path = ASIDataDecompressor.m; sourceTree = "<group>"; };
		6FBE49061A381DCE003E490E /* ASIDownloadCache.h */ = {isa = PBXFileReference; fileEncoding = 4; lastKnownFileType = sourcecode.c.h; path = ASIDownloadCache.h; sourceTree = "<group>"; };
		6FBE49071A381DCE003E490E /* ASIDownloadCache.m */ = {isa = PBXFileReference; fileEncoding = 4; lastKnownFileType = sourcecode.c.objc; path = ASIDownloadCache.m; sourceTree = "<group>"; };
		6FBE49081A381DCE003E490E /* ASIFormDataRequest.h */ = {isa = PBXFileReference; fileEncoding = 4; lastKnownFileType = sourcecode.c.h; path = ASIFormDataRequest.h; sourceTree = "<group>"; };
		6FBE49091A381DCE003E490E /* ASIFormDataRequest.m */ = {isa = PBXFileReference; fileEncoding = 4; lastKnownFileType = sourcecode.c.objc; path = ASIFormDataRequest.m; sourceTree = "<group>"; };
		6FBE490A1A381DCE003E490E /* ASIHTTPRequest.h */ = {isa = PBXFileReference; fileEncoding = 4; lastKnownFileType = sourcecode.c.h; path = ASIHTTPRequest.h; sourceTree = "<group>"; };
		6FBE490B1A381DCE003E490E /* ASIHTTPRequest.m */ = {isa = PBXFileReference; fileEncoding = 4; lastKnownFileType = sourcecode.c.objc; path = ASIHTTPRequest.m; sourceTree = "<group>"; };
		6FBE490C1A381DCE003E490E /* ASIHTTPRequestConfig.h */ = {isa = PBXFileReference; fileEncoding = 4; lastKnownFileType = sourcecode.c.h; path = ASIHTTPRequestConfig.h; sourceTree = "<group>"; };
		6FBE490D1A381DCE003E490E /* ASIHTTPRequestDelegate.h */ = {isa = PBXFileReference; fileEncoding = 4; lastKnownFileType = sourcecode.c.h; path = ASIHTTPRequestDelegate.h; sourceTree = "<group>"; };
		6FBE490E1A381DCE003E490E /* ASIInputStream.h */ = {isa = PBXFileReference; fileEncoding = 4; lastKnownFileType = sourcecode.c.h; path = ASIInputStream.h; sourceTree = "<group>"; };
		6FBE490F1A381DCE003E490E /* ASIInputStream.m */ = {isa = PBXFileReference; fileEncoding = 4; lastKnownFileType = sourcecode.c.objc; path = ASIInputStream.m; sourceTree = "<group>"; };
		6FBE49101A381DCE003E490E /* ASINetworkQueue.h */ = {isa = PBXFileReference; fileEncoding = 4; lastKnownFileType = sourcecode.c.h; path = ASINetworkQueue.h; sourceTree = "<group>"; };
		6FBE49111A381DCE003E490E /* ASINetworkQueue.m */ = {isa = PBXFileReference; fileEncoding = 4; lastKnownFileType = sourcecode.c.objc; path = ASINetworkQueue.m; sourceTree = "<group>"; };
		6FBE49121A381DCE003E490E /* ASIProgressDelegate.h */ = {isa = PBXFileReference; fileEncoding = 4; lastKnownFileType = sourcecode.c.h; path = ASIProgressDelegate.h; sourceTree = "<group>"; };
		6FBE49141A381DCE003E490E /* ASIWebPageRequest.h */ = {isa = PBXFileReference; fileEncoding = 4; lastKnownFileType = sourcecode.c.h; path = ASIWebPageRequest.h; sourceTree = "<group>"; };
		6FBE49151A381DCE003E490E /* ASIWebPageRequest.m */ = {isa = PBXFileReference; fileEncoding = 4; lastKnownFileType = sourcecode.c.objc; path = ASIWebPageRequest.m; sourceTree = "<group>"; };
		6FBE49171A381DCE003E490E /* ASICloudFilesCDNRequest.h */ = {isa = PBXFileReference; fileEncoding = 4; lastKnownFileType = sourcecode.c.h; path = ASICloudFilesCDNRequest.h; sourceTree = "<group>"; };
		6FBE49181A381DCE003E490E /* ASICloudFilesCDNRequest.m */ = {isa = PBXFileReference; fileEncoding = 4; lastKnownFileType = sourcecode.c.objc; path = ASICloudFilesCDNRequest.m; sourceTree = "<group>"; };
		6FBE49191A381DCE003E490E /* ASICloudFilesContainer.h */ = {isa = PBXFileReference; fileEncoding = 4; lastKnownFileType = sourcecode.c.h; path = ASICloudFilesContainer.h; sourceTree = "<group>"; };
		6FBE491A1A381DCE003E490E /* ASICloudFilesContainer.m */ = {isa = PBXFileReference; fileEncoding = 4; lastKnownFileType = sourcecode.c.objc; path = ASICloudFilesContainer.m; sourceTree = "<group>"; };
		6FBE491B1A381DCE003E490E /* ASICloudFilesContainerRequest.h */ = {isa = PBXFileReference; fileEncoding = 4; lastKnownFileType = sourcecode.c.h; path = ASICloudFilesContainerRequest.h; sourceTree = "<group>"; };
		6FBE491C1A381DCE003E490E /* ASICloudFilesContainerRequest.m */ = {isa = PBXFileReference; fileEncoding = 4; lastKnownFileType = sourcecode.c.objc; path = ASICloudFilesContainerRequest.m; sourceTree = "<group>"; };
		6FBE491D1A381DCE003E490E /* ASICloudFilesContainerXMLParserDelegate.h */ = {isa = PBXFileReference; fileEncoding = 4; lastKnownFileType = sourcecode.c.h; path = ASICloudFilesContainerXMLParserDelegate.h; sourceTree = "<group>"; };
		6FBE491E1A381DCE003E490E /* ASICloudFilesContainerXMLParserDelegate.m */ = {isa = PBXFileReference; fileEncoding = 4; lastKnownFileType = sourcecode.c.objc; path = ASICloudFilesContainerXMLParserDelegate.m; sourceTree = "<group>"; };
		6FBE491F1A381DCE003E490E /* ASICloudFilesObject.h */ = {isa = PBXFileReference; fileEncoding = 4; lastKnownFileType = sourcecode.c.h; path = ASICloudFilesObject.h; sourceTree = "<group>"; };
		6FBE49201A381DCE003E490E /* ASICloudFilesObject.m */ = {isa = PBXFileReference; fileEncoding = 4; lastKnownFileType = sourcecode.c.objc; path = ASICloudFilesObject.m; sourceTree = "<group>"; };
		6FBE49211A381DCE003E490E /* ASICloudFilesObjectRequest.h */ = {isa = PBXFileReference; fileEncoding = 4; lastKnownFileType = sourcecode.c.h; path = ASICloudFilesObjectRequest.h; sourceTree = "<group>"; };
		6FBE49221A381DCE003E490E /* ASICloudFilesObjectRequest.m */ = {isa = PBXFileReference; fileEncoding = 4; lastKnownFileType = sourcecode.c.objc; path = ASICloudFilesObjectRequest.m; sourceTree = "<group>"; };
		6FBE49231A381DCE003E490E /* ASICloudFilesRequest.h */ = {isa = PBXFileReference; fileEncoding = 4; lastKnownFileType = sourcecode.c.h; path = ASICloudFilesRequest.h; sourceTree = "<group>"; };
		6FBE49241A381DCE003E490E /* ASICloudFilesRequest.m */ = {isa = PBXFileReference; fileEncoding = 4; lastKnownFileType = sourcecode.c.objc; path = ASICloudFilesRequest.m; sourceTree = "<group>"; };
		6FBE49261A381DCE003E490E /* ASINSXMLParserCompat.h */ = {isa = PBXFileReference; fileEncoding = 4; lastKnownFileType = sourcecode.c.h; path = ASINSXMLParserCompat.h; sourceTree = "<group>"; };
		6FBE49271A381DCE003E490E /* ASIS3Bucket.h */ = {isa = PBXFileReference; fileEncoding = 4; lastKnownFileType = sourcecode.c.h; path = ASIS3Bucket.h; sourceTree = "<group>"; };
		6FBE49281A381DCE003E490E /* ASIS3Bucket.m */ = {isa = PBXFileReference; fileEncoding = 4; lastKnownFileType = sourcecode.c.objc; path = ASIS3Bucket.m; sourceTree = "<group>"; };
		6FBE49291A381DCE003E490E /* ASIS3BucketObject.h */ = {isa = PBXFileReference; fileEncoding = 4; lastKnownFileType = sourcecode.c.h; path = ASIS3BucketObject.h; sourceTree = "<group>"; };
		6FBE492A1A381DCE003E490E /* ASIS3BucketObject.m */ = {isa = PBXFileReference; fileEncoding = 4; lastKnownFileType = sourcecode.c.objc; path = ASIS3BucketObject.m; sourceTree = "<group>"; };
		6FBE492B1A381DCE003E490E /* ASIS3BucketRequest.h */ = {isa = PBXFileReference; fileEncoding = 4; lastKnownFileType = sourcecode.c.h; path = ASIS3BucketRequest.h; sourceTree = "<group>"; };
		6FBE492C1A381DCE003E490E /* ASIS3BucketRequest.m */ = {isa = PBXFileReference; fileEncoding = 4; lastKnownFileType = sourcecode.c.objc; path = ASIS3BucketRequest.m; sourceTree = "<group>"; };
		6FBE492D1A381DCE003E490E /* ASIS3ObjectRequest.h */ = {isa = PBXFileReference; fileEncoding = 4; lastKnownFileType = sourcecode.c.h; path = ASIS3ObjectRequest.h; sourceTree = "<group>"; };
		6FBE492E1A381DCE003E490E /* ASIS3ObjectRequest.m */ = {isa = PBXFileReference; fileEncoding = 4; lastKnownFileType = sourcecode.c.objc; path = ASIS3ObjectRequest.m; sourceTree = "<group>"; };
		6FBE492F1A381DCE003E490E /* ASIS3Request.h */ = {isa = PBXFileReference; fileEncoding = 4; lastKnownFileType = sourcecode.c.h; path = ASIS3Request.h; sourceTree = "<group>"; };
		6FBE49301A381DCE003E490E /* ASIS3Request.m */ = {isa = PBXFileReference; fileEncoding = 4; lastKnownFileType = sourcecode.c.objc; path = ASIS3Request.m; sourceTree = "<group>"; };
		6FBE49311A381DCE003E490E /* ASIS3ServiceRequest.h */ = {isa = PBXFileReference; fileEncoding = 4; lastKnownFileType = sourcecode.c.h; path = ASIS3ServiceRequest.h; sourceTree = "<group>"; };
		6FBE49321A381DCE003E490E /* ASIS3ServiceRequest.m */ = {isa = PBXFileReference; fileEncoding = 4; lastKnownFileType = sourcecode.c.objc; path = ASIS3ServiceRequest.m; sourceTree = "<group>"; };
		6FBE494A1A381E73003E490E /* CFNetwork.framework */ = {isa = PBXFileReference; lastKnownFileType = wrapper.framework; name = CFNetwork.framework; path = System/Library/Frameworks/CFNetwork.framework; sourceTree = SDKROOT; };
		6FBE494C1A381E8E003E490E /* SystemConfiguration.framework */ = {isa = PBXFileReference; lastKnownFileType = wrapper.framework; name = SystemConfiguration.framework; path = System/Library/Frameworks/SystemConfiguration.framework; sourceTree = SDKROOT; };
		6FBE494E1A381E9D003E490E /* MobileCoreServices.framework */ = {isa = PBXFileReference; lastKnownFileType = wrapper.framework; name = MobileCoreServices.framework; path = System/Library/Frameworks/MobileCoreServices.framework; sourceTree = SDKROOT; };
		6FBE49501A381EA7003E490E /* CoreGraphics.framework */ = {isa = PBXFileReference; lastKnownFileType = wrapper.framework; name = CoreGraphics.framework; path = System/Library/Frameworks/CoreGraphics.framework; sourceTree = SDKROOT; };
		6FBE49521A381EC1003E490E /* libz.dylib */ = {isa = PBXFileReference; lastKnownFileType = "compiled.mach-o.dylib"; name = libz.dylib; path = usr/lib/libz.dylib; sourceTree = SDKROOT; };
		6FBE49541A381ECD003E490E /* libxml2.dylib */ = {isa = PBXFileReference; lastKnownFileType = "compiled.mach-o.dylib"; name = libxml2.dylib; path = usr/lib/libxml2.dylib; sourceTree = SDKROOT; };
		6FCDE1B51A385A02000799E9 /* bg_setting_off.png */ = {isa = PBXFileReference; lastKnownFileType = image.png; path = bg_setting_off.png; sourceTree = "<group>"; };
		6FCDE1B61A385A02000799E9 /* bg_setting_on.png */ = {isa = PBXFileReference; lastKnownFileType = image.png; path = bg_setting_on.png; sourceTree = "<group>"; };
		6FCDE1BB1A385B73000799E9 /* search_flag_image.png */ = {isa = PBXFileReference; lastKnownFileType = image.png; path = search_flag_image.png; sourceTree = "<group>"; };
		C49D26AF1A3591E100FA192F /* iyours.app */ = {isa = PBXFileReference; explicitFileType = wrapper.application; includeInIndex = 0; path = iyours.app; sourceTree = BUILT_PRODUCTS_DIR; };
		C49D26B31A3591E100FA192F /* Info.plist */ = {isa = PBXFileReference; lastKnownFileType = text.plist.xml; path = Info.plist; sourceTree = "<group>"; };
		C49D26B41A3591E100FA192F /* main.m */ = {isa = PBXFileReference; lastKnownFileType = sourcecode.c.objc; path = main.m; sourceTree = "<group>"; };
		C49D26B61A3591E100FA192F /* AppDelegate.h */ = {isa = PBXFileReference; lastKnownFileType = sourcecode.c.h; path = AppDelegate.h; sourceTree = "<group>"; };
		C49D26B71A3591E100FA192F /* AppDelegate.m */ = {isa = PBXFileReference; lastKnownFileType = sourcecode.c.objc; path = AppDelegate.m; sourceTree = "<group>"; };
		C49D26BF1A3591E100FA192F /* Images.xcassets */ = {isa = PBXFileReference; lastKnownFileType = folder.assetcatalog; path = Images.xcassets; sourceTree = "<group>"; };
		C49D26C21A3591E100FA192F /* Base */ = {isa = PBXFileReference; lastKnownFileType = file.xib; name = Base; path = Base.lproj/LaunchScreen.xib; sourceTree = "<group>"; };
		C49D26C81A3591E100FA192F /* iyoursTests.xctest */ = {isa = PBXFileReference; explicitFileType = wrapper.cfbundle; includeInIndex = 0; path = iyoursTests.xctest; sourceTree = BUILT_PRODUCTS_DIR; };
		C49D26CD1A3591E100FA192F /* Info.plist */ = {isa = PBXFileReference; lastKnownFileType = text.plist.xml; path = Info.plist; sourceTree = "<group>"; };
		C49D26CE1A3591E100FA192F /* iyoursTests.m */ = {isa = PBXFileReference; lastKnownFileType = sourcecode.c.objc; path = iyoursTests.m; sourceTree = "<group>"; };
/* End PBXFileReference section */

/* Begin PBXFrameworksBuildPhase section */
		C49D26AC1A3591E100FA192F /* Frameworks */ = {
			isa = PBXFrameworksBuildPhase;
			buildActionMask = 2147483647;
			files = (
				6F4D115B1A3867F50075AEFB /* MapKit.framework in Frameworks */,
				6F4D11591A3867EC0075AEFB /* ImageIO.framework in Frameworks */,
				6F4327041A382D49001CEE03 /* libxml2.dylib in Frameworks */,
				6FBE49531A381EC1003E490E /* libz.dylib in Frameworks */,
				6FBE49511A381EA7003E490E /* CoreGraphics.framework in Frameworks */,
				6FBE494F1A381E9D003E490E /* MobileCoreServices.framework in Frameworks */,
				6FBE494D1A381E8E003E490E /* SystemConfiguration.framework in Frameworks */,
				6FBE494B1A381E73003E490E /* CFNetwork.framework in Frameworks */,
			);
			runOnlyForDeploymentPostprocessing = 0;
		};
		C49D26C51A3591E100FA192F /* Frameworks */ = {
			isa = PBXFrameworksBuildPhase;
			buildActionMask = 2147483647;
			files = (
			);
			runOnlyForDeploymentPostprocessing = 0;
		};
/* End PBXFrameworksBuildPhase section */

/* Begin PBXGroup section */
		6F4D11261A3867CF0075AEFB /* SDWebImage */ = {
			isa = PBXGroup;
			children = (
				6F4D11271A3867CF0075AEFB /* MKAnnotationView+WebCache.h */,
				6F4D11281A3867CF0075AEFB /* MKAnnotationView+WebCache.m */,
				6F4D11291A3867CF0075AEFB /* NSData+ImageContentType.h */,
				6F4D112A1A3867CF0075AEFB /* NSData+ImageContentType.m */,
				6F4D112B1A3867CF0075AEFB /* SDImageCache.h */,
				6F4D112C1A3867CF0075AEFB /* SDImageCache.m */,
				6F4D112D1A3867CF0075AEFB /* SDWebImageCompat.h */,
				6F4D112E1A3867CF0075AEFB /* SDWebImageCompat.m */,
				6F4D112F1A3867CF0075AEFB /* SDWebImageDecoder.h */,
				6F4D11301A3867CF0075AEFB /* SDWebImageDecoder.m */,
				6F4D11311A3867CF0075AEFB /* SDWebImageDownloader.h */,
				6F4D11321A3867CF0075AEFB /* SDWebImageDownloader.m */,
				6F4D11331A3867CF0075AEFB /* SDWebImageDownloaderOperation.h */,
				6F4D11341A3867CF0075AEFB /* SDWebImageDownloaderOperation.m */,
				6F4D11351A3867CF0075AEFB /* SDWebImageManager.h */,
				6F4D11361A3867CF0075AEFB /* SDWebImageManager.m */,
				6F4D11371A3867CF0075AEFB /* SDWebImageOperation.h */,
				6F4D11381A3867CF0075AEFB /* SDWebImagePrefetcher.h */,
				6F4D11391A3867CF0075AEFB /* SDWebImagePrefetcher.m */,
				6F4D113A1A3867CF0075AEFB /* UIButton+WebCache.h */,
				6F4D113B1A3867CF0075AEFB /* UIButton+WebCache.m */,
				6F4D113C1A3867CF0075AEFB /* UIImage+GIF.h */,
				6F4D113D1A3867CF0075AEFB /* UIImage+GIF.m */,
				6F4D113E1A3867CF0075AEFB /* UIImage+MultiFormat.h */,
				6F4D113F1A3867CF0075AEFB /* UIImage+MultiFormat.m */,
				6F4D11401A3867CF0075AEFB /* UIImage+WebP.h */,
				6F4D11411A3867CF0075AEFB /* UIImage+WebP.m */,
				6F4D11421A3867CF0075AEFB /* UIImageView+HighlightedWebCache.h */,
				6F4D11431A3867CF0075AEFB /* UIImageView+HighlightedWebCache.m */,
				6F4D11441A3867CF0075AEFB /* UIImageView+WebCache.h */,
				6F4D11451A3867CF0075AEFB /* UIImageView+WebCache.m */,
				6F4D11461A3867CF0075AEFB /* UIView+WebCacheOperation.h */,
				6F4D11471A3867CF0075AEFB /* UIView+WebCacheOperation.m */,
			);
			path = SDWebImage;
			sourceTree = "<group>";
		};
		6FBE48D61A37FD47003E490E /* util */ = {
			isa = PBXGroup;
			children = (
				6FBE48DA1A37FD88003E490E /* NSString+Addtion.h */,
				6FBE48DB1A37FD88003E490E /* NSString+Addtion.m */,
				6FBE48D71A37FD67003E490E /* UIColor+StringColor.h */,
				6FBE48D81A37FD67003E490E /* UIColor+StringColor.m */,
			);
			name = util;
			sourceTree = "<group>";
		};
		6FBE48F51A381C5E003E490E /* res */ = {
			isa = PBXGroup;
			children = (
				6FCDE1BB1A385B73000799E9 /* search_flag_image.png */,
				6FCDE1B51A385A02000799E9 /* bg_setting_off.png */,
				6FCDE1B61A385A02000799E9 /* bg_setting_on.png */,
				6FBE48E91A381BC1003E490E /* download_normal.png */,
				6FBE48EA1A381BC1003E490E /* download_select.png */,
				6FBE48EB1A381BC1003E490E /* home_normal.png */,
				6FBE48EC1A381BC1003E490E /* play_normal.png */,
				6FBE48ED1A381BC1003E490E /* play_select.png */,
				6FBE48EE1A381BC1003E490E /* home_select.png */,
			);
			name = res;
			sourceTree = "<group>";
		};
		6FBE48F61A381DC5003E490E /* External */ = {
			isa = PBXGroup;
			children = (
				6FBE48F71A381DC5003E490E /* GHUnit */,
				6FBE48F91A381DC5003E490E /* Reachability */,
			);
			path = External;
			sourceTree = "<group>";
		};
		6FBE48F71A381DC5003E490E /* GHUnit */ = {
			isa = PBXGroup;
			children = (
				6FBE48F81A381DC5003E490E /* README-GHUnit */,
			);
			path = GHUnit;
			sourceTree = "<group>";
		};
		6FBE48F91A381DC5003E490E /* Reachability */ = {
			isa = PBXGroup;
			children = (
				6FBE48FA1A381DC5003E490E /* Reachability.h */,
				6FBE48FB1A381DC5003E490E /* Reachability.m */,
			);
			path = Reachability;
			sourceTree = "<group>";
		};
		6FBE48FE1A381DCE003E490E /* Classes */ = {
			isa = PBXGroup;
			children = (
				6FBE48FF1A381DCE003E490E /* ASIAuthenticationDialog.h */,
				6FBE49001A381DCE003E490E /* ASIAuthenticationDialog.m */,
				6FBE49011A381DCE003E490E /* ASICacheDelegate.h */,
				6FBE49021A381DCE003E490E /* ASIDataCompressor.h */,
				6FBE49031A381DCE003E490E /* ASIDataCompressor.m */,
				6FBE49041A381DCE003E490E /* ASIDataDecompressor.h */,
				6FBE49051A381DCE003E490E /* ASIDataDecompressor.m */,
				6FBE49061A381DCE003E490E /* ASIDownloadCache.h */,
				6FBE49071A381DCE003E490E /* ASIDownloadCache.m */,
				6FBE49081A381DCE003E490E /* ASIFormDataRequest.h */,
				6FBE49091A381DCE003E490E /* ASIFormDataRequest.m */,
				6FBE490A1A381DCE003E490E /* ASIHTTPRequest.h */,
				6FBE490B1A381DCE003E490E /* ASIHTTPRequest.m */,
				6FBE490C1A381DCE003E490E /* ASIHTTPRequestConfig.h */,
				6FBE490D1A381DCE003E490E /* ASIHTTPRequestDelegate.h */,
				6FBE490E1A381DCE003E490E /* ASIInputStream.h */,
				6FBE490F1A381DCE003E490E /* ASIInputStream.m */,
				6FBE49101A381DCE003E490E /* ASINetworkQueue.h */,
				6FBE49111A381DCE003E490E /* ASINetworkQueue.m */,
				6FBE49121A381DCE003E490E /* ASIProgressDelegate.h */,
				6FBE49131A381DCE003E490E /* ASIWebPageRequest */,
				6FBE49161A381DCE003E490E /* CloudFiles */,
				6FBE49251A381DCE003E490E /* S3 */,
				6FBE49331A381DCE003E490E /* Tests */,
			);
			path = Classes;
			sourceTree = "<group>";
		};
		6FBE49131A381DCE003E490E /* ASIWebPageRequest */ = {
			isa = PBXGroup;
			children = (
				6FBE49141A381DCE003E490E /* ASIWebPageRequest.h */,
				6FBE49151A381DCE003E490E /* ASIWebPageRequest.m */,
			);
			path = ASIWebPageRequest;
			sourceTree = "<group>";
		};
		6FBE49161A381DCE003E490E /* CloudFiles */ = {
			isa = PBXGroup;
			children = (
				6FBE49171A381DCE003E490E /* ASICloudFilesCDNRequest.h */,
				6FBE49181A381DCE003E490E /* ASICloudFilesCDNRequest.m */,
				6FBE49191A381DCE003E490E /* ASICloudFilesContainer.h */,
				6FBE491A1A381DCE003E490E /* ASICloudFilesContainer.m */,
				6FBE491B1A381DCE003E490E /* ASICloudFilesContainerRequest.h */,
				6FBE491C1A381DCE003E490E /* ASICloudFilesContainerRequest.m */,
				6FBE491D1A381DCE003E490E /* ASICloudFilesContainerXMLParserDelegate.h */,
				6FBE491E1A381DCE003E490E /* ASICloudFilesContainerXMLParserDelegate.m */,
				6FBE491F1A381DCE003E490E /* ASICloudFilesObject.h */,
				6FBE49201A381DCE003E490E /* ASICloudFilesObject.m */,
				6FBE49211A381DCE003E490E /* ASICloudFilesObjectRequest.h */,
				6FBE49221A381DCE003E490E /* ASICloudFilesObjectRequest.m */,
				6FBE49231A381DCE003E490E /* ASICloudFilesRequest.h */,
				6FBE49241A381DCE003E490E /* ASICloudFilesRequest.m */,
			);
			path = CloudFiles;
			sourceTree = "<group>";
		};
		6FBE49251A381DCE003E490E /* S3 */ = {
			isa = PBXGroup;
			children = (
				6FBE49261A381DCE003E490E /* ASINSXMLParserCompat.h */,
				6FBE49271A381DCE003E490E /* ASIS3Bucket.h */,
				6FBE49281A381DCE003E490E /* ASIS3Bucket.m */,
				6FBE49291A381DCE003E490E /* ASIS3BucketObject.h */,
				6FBE492A1A381DCE003E490E /* ASIS3BucketObject.m */,
				6FBE492B1A381DCE003E490E /* ASIS3BucketRequest.h */,
				6FBE492C1A381DCE003E490E /* ASIS3BucketRequest.m */,
				6FBE492D1A381DCE003E490E /* ASIS3ObjectRequest.h */,
				6FBE492E1A381DCE003E490E /* ASIS3ObjectRequest.m */,
				6FBE492F1A381DCE003E490E /* ASIS3Request.h */,
				6FBE49301A381DCE003E490E /* ASIS3Request.m */,
				6FBE49311A381DCE003E490E /* ASIS3ServiceRequest.h */,
				6FBE49321A381DCE003E490E /* ASIS3ServiceRequest.m */,
			);
			path = S3;
			sourceTree = "<group>";
		};
		6FBE49331A381DCE003E490E /* Tests */ = {
			isa = PBXGroup;
			children = (
			);
			path = Tests;
			sourceTree = "<group>";
		};
		6FBE49561A381ED7003E490E /* Frameworks */ = {
			isa = PBXGroup;
			children = (
				6F4D115A1A3867F50075AEFB /* MapKit.framework */,
				6F4D11581A3867EC0075AEFB /* ImageIO.framework */,
				6F4327021A382D1C001CEE03 /* libxml2.2.dylib */,
				6FBE49541A381ECD003E490E /* libxml2.dylib */,
				6FBE49521A381EC1003E490E /* libz.dylib */,
				6FBE49501A381EA7003E490E /* CoreGraphics.framework */,
				6FBE494E1A381E9D003E490E /* MobileCoreServices.framework */,
				6FBE494C1A381E8E003E490E /* SystemConfiguration.framework */,
				6FBE494A1A381E73003E490E /* CFNetwork.framework */,
			);
			name = Frameworks;
			sourceTree = "<group>";
		};
		C49D26A61A3591E000FA192F = {
			isa = PBXGroup;
			children = (
				C49D26B11A3591E100FA192F /* iyours */,
				C49D26CB1A3591E100FA192F /* iyoursTests */,
				C49D26B01A3591E100FA192F /* Products */,
			);
			sourceTree = "<group>";
		};
		C49D26B01A3591E100FA192F /* Products */ = {
			isa = PBXGroup;
			children = (
				C49D26AF1A3591E100FA192F /* iyours.app */,
				C49D26C81A3591E100FA192F /* iyoursTests.xctest */,
			);
			name = Products;
			sourceTree = "<group>";
		};
		C49D26B11A3591E100FA192F /* iyours */ = {
			isa = PBXGroup;
			children = (
				6F4D11261A3867CF0075AEFB /* SDWebImage */,
				6FBE49561A381ED7003E490E /* Frameworks */,
				6FBE48FE1A381DCE003E490E /* Classes */,
				6FBE48F61A381DC5003E490E /* External */,
				C49D26B61A3591E100FA192F /* AppDelegate.h */,
				C49D26B71A3591E100FA192F /* AppDelegate.m */,
				C49D26BF1A3591E100FA192F /* Images.xcassets */,
				C49D26C11A3591E100FA192F /* LaunchScreen.xib */,
				C49D26B21A3591E100FA192F /* Supporting Files */,
				6FBE48C41A37FBF3003E490E /* MainTabBarController.h */,
				6FBE48C51A37FBF3003E490E /* MainTabBarController.m */,
				6FBE48C71A37FC60003E490E /* HomeViewController.h */,
				6FBE48C81A37FC60003E490E /* HomeViewController.m */,
				6FBE48C91A37FC60003E490E /* HomeViewController.xib */,
				6FBE48CC1A37FC81003E490E /* DownLoadViewController.h */,
				6FBE48CD1A37FC81003E490E /* DownLoadViewController.m */,
				6FBE48CE1A37FC81003E490E /* DownLoadViewController.xib */,
				6FBE48D11A37FCCF003E490E /* PlayViewController.h */,
				6FBE48D21A37FCCF003E490E /* PlayViewController.m */,
				6FBE48D31A37FCCF003E490E /* PlayViewController.xib */,
				6FBE48F51A381C5E003E490E /* res */,
				6FBE48D61A37FD47003E490E /* util */,
			);
			path = iyours;
			sourceTree = "<group>";
		};
		C49D26B21A3591E100FA192F /* Supporting Files */ = {
			isa = PBXGroup;
			children = (
				C49D26B31A3591E100FA192F /* Info.plist */,
				C49D26B41A3591E100FA192F /* main.m */,
			);
			name = "Supporting Files";
			sourceTree = "<group>";
		};
		C49D26CB1A3591E100FA192F /* iyoursTests */ = {
			isa = PBXGroup;
			children = (
				C49D26CE1A3591E100FA192F /* iyoursTests.m */,
				C49D26CC1A3591E100FA192F /* Supporting Files */,
			);
			path = iyoursTests;
			sourceTree = "<group>";
		};
		C49D26CC1A3591E100FA192F /* Supporting Files */ = {
			isa = PBXGroup;
			children = (
				C49D26CD1A3591E100FA192F /* Info.plist */,
			);
			name = "Supporting Files";
			sourceTree = "<group>";
		};
/* End PBXGroup section */

/* Begin PBXNativeTarget section */
		C49D26AE1A3591E100FA192F /* iyours */ = {
			isa = PBXNativeTarget;
			buildConfigurationList = C49D26D21A3591E100FA192F /* Build configuration list for PBXNativeTarget "iyours" */;
			buildPhases = (
				C49D26AB1A3591E100FA192F /* Sources */,
				C49D26AC1A3591E100FA192F /* Frameworks */,
				C49D26AD1A3591E100FA192F /* Resources */,
			);
			buildRules = (
			);
			dependencies = (
			);
			name = iyours;
			productName = iyours;
			productReference = C49D26AF1A3591E100FA192F /* iyours.app */;
			productType = "com.apple.product-type.application";
		};
		C49D26C71A3591E100FA192F /* iyoursTests */ = {
			isa = PBXNativeTarget;
			buildConfigurationList = C49D26D51A3591E100FA192F /* Build configuration list for PBXNativeTarget "iyoursTests" */;
			buildPhases = (
				C49D26C41A3591E100FA192F /* Sources */,
				C49D26C51A3591E100FA192F /* Frameworks */,
				C49D26C61A3591E100FA192F /* Resources */,
			);
			buildRules = (
			);
			dependencies = (
				C49D26CA1A3591E100FA192F /* PBXTargetDependency */,
			);
			name = iyoursTests;
			productName = iyoursTests;
			productReference = C49D26C81A3591E100FA192F /* iyoursTests.xctest */;
			productType = "com.apple.product-type.bundle.unit-test";
		};
/* End PBXNativeTarget section */

/* Begin PBXProject section */
		C49D26A71A3591E000FA192F /* Project object */ = {
			isa = PBXProject;
			attributes = {
				LastUpgradeCheck = 0610;
				ORGANIZATIONNAME = "o-star";
				TargetAttributes = {
					C49D26AE1A3591E100FA192F = {
						CreatedOnToolsVersion = 6.1;
					};
					C49D26C71A3591E100FA192F = {
						CreatedOnToolsVersion = 6.1;
						TestTargetID = C49D26AE1A3591E100FA192F;
					};
				};
			};
			buildConfigurationList = C49D26AA1A3591E000FA192F /* Build configuration list for PBXProject "iyours" */;
			compatibilityVersion = "Xcode 3.2";
			developmentRegion = English;
			hasScannedForEncodings = 0;
			knownRegions = (
				en,
				Base,
			);
			mainGroup = C49D26A61A3591E000FA192F;
			productRefGroup = C49D26B01A3591E100FA192F /* Products */;
			projectDirPath = "";
			projectRoot = "";
			targets = (
				C49D26AE1A3591E100FA192F /* iyours */,
				C49D26C71A3591E100FA192F /* iyoursTests */,
			);
		};
/* End PBXProject section */

/* Begin PBXResourcesBuildPhase section */
		C49D26AD1A3591E100FA192F /* Resources */ = {
			isa = PBXResourcesBuildPhase;
			buildActionMask = 2147483647;
			files = (
				6FCDE1B71A385A02000799E9 /* bg_setting_off.png in Resources */,
				C49D26C31A3591E100FA192F /* LaunchScreen.xib in Resources */,
				6FBE48F31A381BC1003E490E /* play_select.png in Resources */,
				C49D26C01A3591E100FA192F /* Images.xcassets in Resources */,
				6FBE48F41A381BC1003E490E /* home_select.png in Resources */,
				6FBE48EF1A381BC1003E490E /* download_normal.png in Resources */,
				6FBE48F11A381BC1003E490E /* home_normal.png in Resources */,
				6FBE48D01A37FC81003E490E /* DownLoadViewController.xib in Resources */,
				6FBE48F21A381BC1003E490E /* play_normal.png in Resources */,
				6FBE48CB1A37FC60003E490E /* HomeViewController.xib in Resources */,
				6FCDE1B81A385A02000799E9 /* bg_setting_on.png in Resources */,
				6FBE48D51A37FCCF003E490E /* PlayViewController.xib in Resources */,
				6FCDE1BC1A385B73000799E9 /* search_flag_image.png in Resources */,
				6FBE48F01A381BC1003E490E /* download_select.png in Resources */,
				6FBE48FC1A381DC5003E490E /* README-GHUnit in Resources */,
			);
			runOnlyForDeploymentPostprocessing = 0;
		};
		C49D26C61A3591E100FA192F /* Resources */ = {
			isa = PBXResourcesBuildPhase;
			buildActionMask = 2147483647;
			files = (
			);
			runOnlyForDeploymentPostprocessing = 0;
		};
/* End PBXResourcesBuildPhase section */

/* Begin PBXSourcesBuildPhase section */
		C49D26AB1A3591E100FA192F /* Sources */ = {
			isa = PBXSourcesBuildPhase;
			buildActionMask = 2147483647;
			files = (
				C49D26B81A3591E100FA192F /* AppDelegate.m in Sources */,
				6F4D11501A3867CF0075AEFB /* SDWebImagePrefetcher.m in Sources */,
				6F4D11571A3867CF0075AEFB /* UIView+WebCacheOperation.m in Sources */,
				6F4D11481A3867CF0075AEFB /* MKAnnotationView+WebCache.m in Sources */,
				C49D26B51A3591E100FA192F /* main.m in Sources */,
				6FBE49391A381DCE003E490E /* ASIHTTPRequest.m in Sources */,
				6FBE49471A381DCE003E490E /* ASIS3ObjectRequest.m in Sources */,
				6FBE48C61A37FBF3003E490E /* MainTabBarController.m in Sources */,
				6F4D11531A3867CF0075AEFB /* UIImage+MultiFormat.m in Sources */,
				6FBE493A1A381DCE003E490E /* ASIInputStream.m in Sources */,
				6FBE493E1A381DCE003E490E /* ASICloudFilesContainer.m in Sources */,
				6FBE49421A381DCE003E490E /* ASICloudFilesObjectRequest.m in Sources */,
				6FBE493D1A381DCE003E490E /* ASICloudFilesCDNRequest.m in Sources */,
				6F4D11491A3867CF0075AEFB /* NSData+ImageContentType.m in Sources */,
				6F4D11521A3867CF0075AEFB /* UIImage+GIF.m in Sources */,
				6FBE493F1A381DCE003E490E /* ASICloudFilesContainerRequest.m in Sources */,
				6F4D114D1A3867CF0075AEFB /* SDWebImageDownloader.m in Sources */,
				6F4D114B1A3867CF0075AEFB /* SDWebImageCompat.m in Sources */,
				6FBE48DC1A37FD88003E490E /* NSString+Addtion.m in Sources */,
				6F4D11551A3867CF0075AEFB /* UIImageView+HighlightedWebCache.m in Sources */,
				6FBE49491A381DCE003E490E /* ASIS3ServiceRequest.m in Sources */,
				6FBE49481A381DCE003E490E /* ASIS3Request.m in Sources */,
				6F4D114C1A3867CF0075AEFB /* SDWebImageDecoder.m in Sources */,
				6F4D114F1A3867CF0075AEFB /* SDWebImageManager.m in Sources */,
				6FBE48CA1A37FC60003E490E /* HomeViewController.m in Sources */,
				6FBE49441A381DCE003E490E /* ASIS3Bucket.m in Sources */,
				6FBE49361A381DCE003E490E /* ASIDataDecompressor.m in Sources */,
				6FBE48D41A37FCCF003E490E /* PlayViewController.m in Sources */,
				6F4D114E1A3867CF0075AEFB /* SDWebImageDownloaderOperation.m in Sources */,
				6FBE49381A381DCE003E490E /* ASIFormDataRequest.m in Sources */,
				6FBE48D91A37FD67003E490E /* UIColor+StringColor.m in Sources */,
				6FBE49341A381DCE003E490E /* ASIAuthenticationDialog.m in Sources */,
				6FBE49401A381DCE003E490E /* ASICloudFilesContainerXMLParserDelegate.m in Sources */,
				6FBE49351A381DCE003E490E /* ASIDataCompressor.m in Sources */,
				6FBE493C1A381DCE003E490E /* ASIWebPageRequest.m in Sources */,
				6FBE48FD1A381DC5003E490E /* Reachability.m in Sources */,
				6F4D11511A3867CF0075AEFB /* UIButton+WebCache.m in Sources */,
				6FBE49461A381DCE003E490E /* ASIS3BucketRequest.m in Sources */,
				6FBE49371A381DCE003E490E /* ASIDownloadCache.m in Sources */,
				6FBE493B1A381DCE003E490E /* ASINetworkQueue.m in Sources */,
				6F4D114A1A3867CF0075AEFB /* SDImageCache.m in Sources */,
				6FBE49411A381DCE003E490E /* ASICloudFilesObject.m in Sources */,
				6FBE49431A381DCE003E490E /* ASICloudFilesRequest.m in Sources */,
				6FBE49451A381DCE003E490E /* ASIS3BucketObject.m in Sources */,
				6FBE48CF1A37FC81003E490E /* DownLoadViewController.m in Sources */,
				6F4D11561A3867CF0075AEFB /* UIImageView+WebCache.m in Sources */,
				6F4D11541A3867CF0075AEFB /* UIImage+WebP.m in Sources */,
			);
			runOnlyForDeploymentPostprocessing = 0;
		};
		C49D26C41A3591E100FA192F /* Sources */ = {
			isa = PBXSourcesBuildPhase;
			buildActionMask = 2147483647;
			files = (
				C49D26CF1A3591E100FA192F /* iyoursTests.m in Sources */,
			);
			runOnlyForDeploymentPostprocessing = 0;
		};
/* End PBXSourcesBuildPhase section */

/* Begin PBXTargetDependency section */
		C49D26CA1A3591E100FA192F /* PBXTargetDependency */ = {
			isa = PBXTargetDependency;
			target = C49D26AE1A3591E100FA192F /* iyours */;
			targetProxy = C49D26C91A3591E100FA192F /* PBXContainerItemProxy */;
		};
/* End PBXTargetDependency section */

/* Begin PBXVariantGroup section */
		C49D26C11A3591E100FA192F /* LaunchScreen.xib */ = {
			isa = PBXVariantGroup;
			children = (
				C49D26C21A3591E100FA192F /* Base */,
			);
			name = LaunchScreen.xib;
			sourceTree = "<group>";
		};
/* End PBXVariantGroup section */

/* Begin XCBuildConfiguration section */
		C49D26D01A3591E100FA192F /* Debug */ = {
			isa = XCBuildConfiguration;
			buildSettings = {
				ALWAYS_SEARCH_USER_PATHS = NO;
				CLANG_CXX_LANGUAGE_STANDARD = "gnu++0x";
				CLANG_CXX_LIBRARY = "libc++";
				CLANG_ENABLE_MODULES = YES;
				CLANG_ENABLE_OBJC_ARC = YES;
				CLANG_WARN_BOOL_CONVERSION = YES;
				CLANG_WARN_CONSTANT_CONVERSION = YES;
				CLANG_WARN_DIRECT_OBJC_ISA_USAGE = YES_ERROR;
				CLANG_WARN_EMPTY_BODY = YES;
				CLANG_WARN_ENUM_CONVERSION = YES;
				CLANG_WARN_INT_CONVERSION = YES;
				CLANG_WARN_OBJC_ROOT_CLASS = YES_ERROR;
				CLANG_WARN_UNREACHABLE_CODE = YES;
				CLANG_WARN__DUPLICATE_METHOD_MATCH = YES;
				"CODE_SIGN_IDENTITY[sdk=iphoneos*]" = "iPhone Developer";
				COPY_PHASE_STRIP = NO;
				ENABLE_STRICT_OBJC_MSGSEND = YES;
				GCC_C_LANGUAGE_STANDARD = gnu99;
				GCC_DYNAMIC_NO_PIC = NO;
				GCC_OPTIMIZATION_LEVEL = 0;
				GCC_PREPROCESSOR_DEFINITIONS = (
					"DEBUG=1",
					"$(inherited)",
				);
				GCC_SYMBOLS_PRIVATE_EXTERN = NO;
				GCC_WARN_64_TO_32_BIT_CONVERSION = YES;
				GCC_WARN_ABOUT_RETURN_TYPE = YES_ERROR;
				GCC_WARN_UNDECLARED_SELECTOR = YES;
				GCC_WARN_UNINITIALIZED_AUTOS = YES_AGGRESSIVE;
				GCC_WARN_UNUSED_FUNCTION = YES;
				GCC_WARN_UNUSED_VARIABLE = YES;
				IPHONEOS_DEPLOYMENT_TARGET = 8.1;
				MTL_ENABLE_DEBUG_INFO = YES;
				ONLY_ACTIVE_ARCH = YES;
				SDKROOT = iphoneos;
			};
			name = Debug;
		};
		C49D26D11A3591E100FA192F /* Release */ = {
			isa = XCBuildConfiguration;
			buildSettings = {
				ALWAYS_SEARCH_USER_PATHS = NO;
				CLANG_CXX_LANGUAGE_STANDARD = "gnu++0x";
				CLANG_CXX_LIBRARY = "libc++";
				CLANG_ENABLE_MODULES = YES;
				CLANG_ENABLE_OBJC_ARC = YES;
				CLANG_WARN_BOOL_CONVERSION = YES;
				CLANG_WARN_CONSTANT_CONVERSION = YES;
				CLANG_WARN_DIRECT_OBJC_ISA_USAGE = YES_ERROR;
				CLANG_WARN_EMPTY_BODY = YES;
				CLANG_WARN_ENUM_CONVERSION = YES;
				CLANG_WARN_INT_CONVERSION = YES;
				CLANG_WARN_OBJC_ROOT_CLASS = YES_ERROR;
				CLANG_WARN_UNREACHABLE_CODE = YES;
				CLANG_WARN__DUPLICATE_METHOD_MATCH = YES;
				"CODE_SIGN_IDENTITY[sdk=iphoneos*]" = "iPhone Developer";
				COPY_PHASE_STRIP = YES;
				ENABLE_NS_ASSERTIONS = NO;
				ENABLE_STRICT_OBJC_MSGSEND = YES;
				GCC_C_LANGUAGE_STANDARD = gnu99;
				GCC_WARN_64_TO_32_BIT_CONVERSION = YES;
				GCC_WARN_ABOUT_RETURN_TYPE = YES_ERROR;
				GCC_WARN_UNDECLARED_SELECTOR = YES;
				GCC_WARN_UNINITIALIZED_AUTOS = YES_AGGRESSIVE;
				GCC_WARN_UNUSED_FUNCTION = YES;
				GCC_WARN_UNUSED_VARIABLE = YES;
				IPHONEOS_DEPLOYMENT_TARGET = 8.1;
				MTL_ENABLE_DEBUG_INFO = NO;
				SDKROOT = iphoneos;
				VALIDATE_PRODUCT = YES;
			};
			name = Release;
		};
		C49D26D31A3591E100FA192F /* Debug */ = {
			isa = XCBuildConfiguration;
			buildSettings = {
				ASSETCATALOG_COMPILER_APPICON_NAME = AppIcon;
				HEADER_SEARCH_PATHS = (
					"$(inherited)",
					/Applications/Xcode.app/Contents/Developer/Toolchains/XcodeDefault.xctoolchain/usr/include,
					"${SDK_DIR}/usr/include/libxml2",
				);
				INFOPLIST_FILE = iyours/Info.plist;
				IPHONEOS_DEPLOYMENT_TARGET = 7.1;
				LD_RUNPATH_SEARCH_PATHS = "$(inherited) @executable_path/Frameworks";
				PRODUCT_NAME = "$(TARGET_NAME)";
				USER_HEADER_SEARCH_PATHS = "";
			};
			name = Debug;
		};
		C49D26D41A3591E100FA192F /* Release */ = {
			isa = XCBuildConfiguration;
			buildSettings = {
				ASSETCATALOG_COMPILER_APPICON_NAME = AppIcon;
				HEADER_SEARCH_PATHS = (
					"$(inherited)",
					/Applications/Xcode.app/Contents/Developer/Toolchains/XcodeDefault.xctoolchain/usr/include,
					"${SDK_DIR}/usr/include/libxml2",
				);
				INFOPLIST_FILE = iyours/Info.plist;
				IPHONEOS_DEPLOYMENT_TARGET = 7.1;
				LD_RUNPATH_SEARCH_PATHS = "$(inherited) @executable_path/Frameworks";
				PRODUCT_NAME = "$(TARGET_NAME)";
				USER_HEADER_SEARCH_PATHS = "";
			};
			name = Release;
		};
		C49D26D61A3591E100FA192F /* Debug */ = {
			isa = XCBuildConfiguration;
			buildSettings = {
				BUNDLE_LOADER = "$(TEST_HOST)";
				FRAMEWORK_SEARCH_PATHS = (
					"$(SDKROOT)/Developer/Library/Frameworks",
					"$(inherited)",
				);
				GCC_PREPROCESSOR_DEFINITIONS = (
					"DEBUG=1",
					"$(inherited)",
				);
				INFOPLIST_FILE = iyoursTests/Info.plist;
				LD_RUNPATH_SEARCH_PATHS = "$(inherited) @executable_path/Frameworks @loader_path/Frameworks";
				PRODUCT_NAME = "$(TARGET_NAME)";
				TEST_HOST = "$(BUILT_PRODUCTS_DIR)/iyours.app/iyours";
			};
			name = Debug;
		};
		C49D26D71A3591E100FA192F /* Release */ = {
			isa = XCBuildConfiguration;
			buildSettings = {
				BUNDLE_LOADER = "$(TEST_HOST)";
				FRAMEWORK_SEARCH_PATHS = (
					"$(SDKROOT)/Developer/Library/Frameworks",
					"$(inherited)",
				);
				INFOPLIST_FILE = iyoursTests/Info.plist;
				LD_RUNPATH_SEARCH_PATHS = "$(inherited) @executable_path/Frameworks @loader_path/Frameworks";
				PRODUCT_NAME = "$(TARGET_NAME)";
				TEST_HOST = "$(BUILT_PRODUCTS_DIR)/iyours.app/iyours";
			};
			name = Release;
		};
/* End XCBuildConfiguration section */

/* Begin XCConfigurationList section */
		C49D26AA1A3591E000FA192F /* Build configuration list for PBXProject "iyours" */ = {
			isa = XCConfigurationList;
			buildConfigurations = (
				C49D26D01A3591E100FA192F /* Debug */,
				C49D26D11A3591E100FA192F /* Release */,
			);
			defaultConfigurationIsVisible = 0;
			defaultConfigurationName = Release;
		};
		C49D26D21A3591E100FA192F /* Build configuration list for PBXNativeTarget "iyours" */ = {
			isa = XCConfigurationList;
			buildConfigurations = (
				C49D26D31A3591E100FA192F /* Debug */,
				C49D26D41A3591E100FA192F /* Release */,
			);
			defaultConfigurationIsVisible = 0;
			defaultConfigurationName = Release;
		};
		C49D26D51A3591E100FA192F /* Build configuration list for PBXNativeTarget "iyoursTests" */ = {
			isa = XCConfigurationList;
			buildConfigurations = (
				C49D26D61A3591E100FA192F /* Debug */,
				C49D26D71A3591E100FA192F /* Release */,
			);
			defaultConfigurationIsVisible = 0;
			defaultConfigurationName = Release;
		};
/* End XCConfigurationList section */
	};
	rootObject = C49D26A71A3591E000FA192F /* Project object */;
}
