// !$*UTF8*$!
{
	archiveVersion = 1;
	classes = {
	};
	objectVersion = 46;
	objects = {

/* Begin PBXBuildFile section */
		6FBE48C61A37FBF3003E490E /* MainTabBarController.m in Sources */ = {isa = PBXBuildFile; fileRef = 6FBE48C51A37FBF3003E490E /* MainTabBarController.m */; };
		6FBE48CA1A37FC60003E490E /* HomeViewController.m in Sources */ = {isa = PBXBuildFile; fileRef = 6FBE48C81A37FC60003E490E /* HomeViewController.m */; };
		6FBE48CB1A37FC60003E490E /* HomeViewController.xib in Resources */ = {isa = PBXBuildFile; fileRef = 6FBE48C91A37FC60003E490E /* HomeViewController.xib */; };
		6FBE48CF1A37FC81003E490E /* DownLoadViewController.m in Sources */ = {isa = PBXBuildFile; fileRef = 6FBE48CD1A37FC81003E490E /* DownLoadViewController.m */; };
		6FBE48D01A37FC81003E490E /* DownLoadViewController.xib in Resources */ = {isa = PBXBuildFile; fileRef = 6FBE48CE1A37FC81003E490E /* DownLoadViewController.xib */; };
		6FBE48D41A37FCCF003E490E /* PlayViewController.m in Sources */ = {isa = PBXBuildFile; fileRef = 6FBE48D21A37FCCF003E490E /* PlayViewController.m */; };
		6FBE48D51A37FCCF003E490E /* PlayViewController.xib in Resources */ = {isa = PBXBuildFile; fileRef = 6FBE48D31A37FCCF003E490E /* PlayViewController.xib */; };
		6FBE48D91A37FD67003E490E /* UIColor+StringColor.m in Sources */ = {isa = PBXBuildFile; fileRef = 6FBE48D81A37FD67003E490E /* UIColor+StringColor.m */; };
		6FBE48DC1A37FD88003E490E /* NSString+Addtion.m in Sources */ = {isa = PBXBuildFile; fileRef = 6FBE48DB1A37FD88003E490E /* NSString+Addtion.m */; };
		6FBE48EF1A381BC1003E490E /* download_normal.png in Resources */ = {isa = PBXBuildFile; fileRef = 6FBE48E91A381BC1003E490E /* download_normal.png */; };
		6FBE48F01A381BC1003E490E /* download_select.png in Resources */ = {isa = PBXBuildFile; fileRef = 6FBE48EA1A381BC1003E490E /* download_select.png */; };
		6FBE48F11A381BC1003E490E /* home_normal.png in Resources */ = {isa = PBXBuildFile; fileRef = 6FBE48EB1A381BC1003E490E /* home_normal.png */; };
		6FBE48F21A381BC1003E490E /* play_normal.png in Resources */ = {isa = PBXBuildFile; fileRef = 6FBE48EC1A381BC1003E490E /* play_normal.png */; };
		6FBE48F31A381BC1003E490E /* play_select.png in Resources */ = {isa = PBXBuildFile; fileRef = 6FBE48ED1A381BC1003E490E /* play_select.png */; };
		6FBE48F41A381BC1003E490E /* home_select.png in Resources */ = {isa = PBXBuildFile; fileRef = 6FBE48EE1A381BC1003E490E /* home_select.png */; };
		C49D26B51A3591E100FA192F /* main.m in Sources */ = {isa = PBXBuildFile; fileRef = C49D26B41A3591E100FA192F /* main.m */; };
		C49D26B81A3591E100FA192F /* AppDelegate.m in Sources */ = {isa = PBXBuildFile; fileRef = C49D26B71A3591E100FA192F /* AppDelegate.m */; };
		C49D26C01A3591E100FA192F /* Images.xcassets in Resources */ = {isa = PBXBuildFile; fileRef = C49D26BF1A3591E100FA192F /* Images.xcassets */; };
		C49D26C31A3591E100FA192F /* LaunchScreen.xib in Resources */ = {isa = PBXBuildFile; fileRef = C49D26C11A3591E100FA192F /* LaunchScreen.xib */; };
		C49D26CF1A3591E100FA192F /* iyoursTests.m in Sources */ = {isa = PBXBuildFile; fileRef = C49D26CE1A3591E100FA192F /* iyoursTests.m */; };
/* End PBXBuildFile section */

/* Begin PBXContainerItemProxy section */
		C49D26C91A3591E100FA192F /* PBXContainerItemProxy */ = {
			isa = PBXContainerItemProxy;
			containerPortal = C49D26A71A3591E000FA192F /* Project object */;
			proxyType = 1;
			remoteGlobalIDString = C49D26AE1A3591E100FA192F;
			remoteInfo = iyours;
		};
/* End PBXContainerItemProxy section */

/* Begin PBXFileReference section */
		6FBE48C41A37FBF3003E490E /* MainTabBarController.h */ = {isa = PBXFileReference; fileEncoding = 4; lastKnownFileType = sourcecode.c.h; path = MainTabBarController.h; sourceTree = "<group>"; };
		6FBE48C51A37FBF3003E490E /* MainTabBarController.m */ = {isa = PBXFileReference; fileEncoding = 4; lastKnownFileType = sourcecode.c.objc; path = MainTabBarController.m; sourceTree = "<group>"; };
		6FBE48C71A37FC60003E490E /* HomeViewController.h */ = {isa = PBXFileReference; fileEncoding = 4; lastKnownFileType = sourcecode.c.h; path = HomeViewController.h; sourceTree = "<group>"; };
		6FBE48C81A37FC60003E490E /* HomeViewController.m */ = {isa = PBXFileReference; fileEncoding = 4; lastKnownFileType = sourcecode.c.objc; path = HomeViewController.m; sourceTree = "<group>"; };
		6FBE48C91A37FC60003E490E /* HomeViewController.xib */ = {isa = PBXFileReference; fileEncoding = 4; lastKnownFileType = file.xib; path = HomeViewController.xib; sourceTree = "<group>"; };
		6FBE48CC1A37FC81003E490E /* DownLoadViewController.h */ = {isa = PBXFileReference; fileEncoding = 4; lastKnownFileType = sourcecode.c.h; path = DownLoadViewController.h; sourceTree = "<group>"; };
		6FBE48CD1A37FC81003E490E /* DownLoadViewController.m */ = {isa = PBXFileReference; fileEncoding = 4; lastKnownFileType = sourcecode.c.objc; path = DownLoadViewController.m; sourceTree = "<group>"; };
		6FBE48CE1A37FC81003E490E /* DownLoadViewController.xib */ = {isa = PBXFileReference; fileEncoding = 4; lastKnownFileType = file.xib; path = DownLoadViewController.xib; sourceTree = "<group>"; };
		6FBE48D11A37FCCF003E490E /* PlayViewController.h */ = {isa = PBXFileReference; fileEncoding = 4; lastKnownFileType = sourcecode.c.h; path = PlayViewController.h; sourceTree = "<group>"; };
		6FBE48D21A37FCCF003E490E /* PlayViewController.m */ = {isa = PBXFileReference; fileEncoding = 4; lastKnownFileType = sourcecode.c.objc; path = PlayViewController.m; sourceTree = "<group>"; };
		6FBE48D31A37FCCF003E490E /* PlayViewController.xib */ = {isa = PBXFileReference; fileEncoding = 4; lastKnownFileType = file.xib; path = PlayViewController.xib; sourceTree = "<group>"; };
		6FBE48D71A37FD67003E490E /* UIColor+StringColor.h */ = {isa = PBXFileReference; fileEncoding = 4; lastKnownFileType = sourcecode.c.h; path = "UIColor+StringColor.h"; sourceTree = "<group>"; };
		6FBE48D81A37FD67003E490E /* UIColor+StringColor.m */ = {isa = PBXFileReference; fileEncoding = 4; lastKnownFileType = sourcecode.c.objc; path = "UIColor+StringColor.m"; sourceTree = "<group>"; };
		6FBE48DA1A37FD88003E490E /* NSString+Addtion.h */ = {isa = PBXFileReference; fileEncoding = 4; lastKnownFileType = sourcecode.c.h; path = "NSString+Addtion.h"; sourceTree = "<group>"; };
		6FBE48DB1A37FD88003E490E /* NSString+Addtion.m */ = {isa = PBXFileReference; fileEncoding = 4; lastKnownFileType = sourcecode.c.objc; path = "NSString+Addtion.m"; sourceTree = "<group>"; };
		6FBE48E91A381BC1003E490E /* download_normal.png */ = {isa = PBXFileReference; lastKnownFileType = image.png; path = download_normal.png; sourceTree = "<group>"; };
		6FBE48EA1A381BC1003E490E /* download_select.png */ = {isa = PBXFileReference; lastKnownFileType = image.png; path = download_select.png; sourceTree = "<group>"; };
		6FBE48EB1A381BC1003E490E /* home_normal.png */ = {isa = PBXFileReference; lastKnownFileType = image.png; path = home_normal.png; sourceTree = "<group>"; };
		6FBE48EC1A381BC1003E490E /* play_normal.png */ = {isa = PBXFileReference; lastKnownFileType = image.png; path = play_normal.png; sourceTree = "<group>"; };
		6FBE48ED1A381BC1003E490E /* play_select.png */ = {isa = PBXFileReference; lastKnownFileType = image.png; path = play_select.png; sourceTree = "<group>"; };
		6FBE48EE1A381BC1003E490E /* home_select.png */ = {isa = PBXFileReference; lastKnownFileType = image.png; path = home_select.png; sourceTree = "<group>"; };
		C49D26AF1A3591E100FA192F /* iyours.app */ = {isa = PBXFileReference; explicitFileType = wrapper.application; includeInIndex = 0; path = iyours.app; sourceTree = BUILT_PRODUCTS_DIR; };
		C49D26B31A3591E100FA192F /* Info.plist */ = {isa = PBXFileReference; lastKnownFileType = text.plist.xml; path = Info.plist; sourceTree = "<group>"; };
		C49D26B41A3591E100FA192F /* main.m */ = {isa = PBXFileReference; lastKnownFileType = sourcecode.c.objc; path = main.m; sourceTree = "<group>"; };
		C49D26B61A3591E100FA192F /* AppDelegate.h */ = {isa = PBXFileReference; lastKnownFileType = sourcecode.c.h; path = AppDelegate.h; sourceTree = "<group>"; };
		C49D26B71A3591E100FA192F /* AppDelegate.m */ = {isa = PBXFileReference; lastKnownFileType = sourcecode.c.objc; path = AppDelegate.m; sourceTree = "<group>"; };
		C49D26BF1A3591E100FA192F /* Images.xcassets */ = {isa = PBXFileReference; lastKnownFileType = folder.assetcatalog; path = Images.xcassets; sourceTree = "<group>"; };
		C49D26C21A3591E100FA192F /* Base */ = {isa = PBXFileReference; lastKnownFileType = file.xib; name = Base; path = Base.lproj/LaunchScreen.xib; sourceTree = "<group>"; };
		C49D26C81A3591E100FA192F /* iyoursTests.xctest */ = {isa = PBXFileReference; explicitFileType = wrapper.cfbundle; includeInIndex = 0; path = iyoursTests.xctest; sourceTree = BUILT_PRODUCTS_DIR; };
		C49D26CD1A3591E100FA192F /* Info.plist */ = {isa = PBXFileReference; lastKnownFileType = text.plist.xml; path = Info.plist; sourceTree = "<group>"; };
		C49D26CE1A3591E100FA192F /* iyoursTests.m */ = {isa = PBXFileReference; lastKnownFileType = sourcecode.c.objc; path = iyoursTests.m; sourceTree = "<group>"; };
/* End PBXFileReference section */

/* Begin PBXFrameworksBuildPhase section */
		C49D26AC1A3591E100FA192F /* Frameworks */ = {
			isa = PBXFrameworksBuildPhase;
			buildActionMask = 2147483647;
			files = (
			);
			runOnlyForDeploymentPostprocessing = 0;
		};
		C49D26C51A3591E100FA192F /* Frameworks */ = {
			isa = PBXFrameworksBuildPhase;
			buildActionMask = 2147483647;
			files = (
			);
			runOnlyForDeploymentPostprocessing = 0;
		};
/* End PBXFrameworksBuildPhase section */

/* Begin PBXGroup section */
		6FBE48D61A37FD47003E490E /* util */ = {
			isa = PBXGroup;
			children = (
				6FBE48DA1A37FD88003E490E /* NSString+Addtion.h */,
				6FBE48DB1A37FD88003E490E /* NSString+Addtion.m */,
				6FBE48D71A37FD67003E490E /* UIColor+StringColor.h */,
				6FBE48D81A37FD67003E490E /* UIColor+StringColor.m */,
			);
			name = util;
			sourceTree = "<group>";
		};
		6FBE48F51A381C5E003E490E /* res */ = {
			isa = PBXGroup;
			children = (
				6FBE48E91A381BC1003E490E /* download_normal.png */,
				6FBE48EA1A381BC1003E490E /* download_select.png */,
				6FBE48EB1A381BC1003E490E /* home_normal.png */,
				6FBE48EC1A381BC1003E490E /* play_normal.png */,
				6FBE48ED1A381BC1003E490E /* play_select.png */,
				6FBE48EE1A381BC1003E490E /* home_select.png */,
			);
			name = res;
			sourceTree = "<group>";
		};
		C49D26A61A3591E000FA192F = {
			isa = PBXGroup;
			children = (
				C49D26B11A3591E100FA192F /* iyours */,
				C49D26CB1A3591E100FA192F /* iyoursTests */,
				C49D26B01A3591E100FA192F /* Products */,
			);
			sourceTree = "<group>";
		};
		C49D26B01A3591E100FA192F /* Products */ = {
			isa = PBXGroup;
			children = (
				C49D26AF1A3591E100FA192F /* iyours.app */,
				C49D26C81A3591E100FA192F /* iyoursTests.xctest */,
			);
			name = Products;
			sourceTree = "<group>";
		};
		C49D26B11A3591E100FA192F /* iyours */ = {
			isa = PBXGroup;
			children = (
				C49D26B61A3591E100FA192F /* AppDelegate.h */,
				C49D26B71A3591E100FA192F /* AppDelegate.m */,
				C49D26BF1A3591E100FA192F /* Images.xcassets */,
				C49D26C11A3591E100FA192F /* LaunchScreen.xib */,
				C49D26B21A3591E100FA192F /* Supporting Files */,
				6FBE48C41A37FBF3003E490E /* MainTabBarController.h */,
				6FBE48C51A37FBF3003E490E /* MainTabBarController.m */,
				6FBE48C71A37FC60003E490E /* HomeViewController.h */,
				6FBE48C81A37FC60003E490E /* HomeViewController.m */,
				6FBE48C91A37FC60003E490E /* HomeViewController.xib */,
				6FBE48CC1A37FC81003E490E /* DownLoadViewController.h */,
				6FBE48CD1A37FC81003E490E /* DownLoadViewController.m */,
				6FBE48CE1A37FC81003E490E /* DownLoadViewController.xib */,
				6FBE48D11A37FCCF003E490E /* PlayViewController.h */,
				6FBE48D21A37FCCF003E490E /* PlayViewController.m */,
				6FBE48D31A37FCCF003E490E /* PlayViewController.xib */,
				6FBE48F51A381C5E003E490E /* res */,
				6FBE48D61A37FD47003E490E /* util */,
			);
			path = iyours;
			sourceTree = "<group>";
		};
		C49D26B21A3591E100FA192F /* Supporting Files */ = {
			isa = PBXGroup;
			children = (
				C49D26B31A3591E100FA192F /* Info.plist */,
				C49D26B41A3591E100FA192F /* main.m */,
			);
			name = "Supporting Files";
			sourceTree = "<group>";
		};
		C49D26CB1A3591E100FA192F /* iyoursTests */ = {
			isa = PBXGroup;
			children = (
				C49D26CE1A3591E100FA192F /* iyoursTests.m */,
				C49D26CC1A3591E100FA192F /* Supporting Files */,
			);
			path = iyoursTests;
			sourceTree = "<group>";
		};
		C49D26CC1A3591E100FA192F /* Supporting Files */ = {
			isa = PBXGroup;
			children = (
				C49D26CD1A3591E100FA192F /* Info.plist */,
			);
			name = "Supporting Files";
			sourceTree = "<group>";
		};
/* End PBXGroup section */

/* Begin PBXNativeTarget section */
		C49D26AE1A3591E100FA192F /* iyours */ = {
			isa = PBXNativeTarget;
			buildConfigurationList = C49D26D21A3591E100FA192F /* Build configuration list for PBXNativeTarget "iyours" */;
			buildPhases = (
				C49D26AB1A3591E100FA192F /* Sources */,
				C49D26AC1A3591E100FA192F /* Frameworks */,
				C49D26AD1A3591E100FA192F /* Resources */,
			);
			buildRules = (
			);
			dependencies = (
			);
			name = iyours;
			productName = iyours;
			productReference = C49D26AF1A3591E100FA192F /* iyours.app */;
			productType = "com.apple.product-type.application";
		};
		C49D26C71A3591E100FA192F /* iyoursTests */ = {
			isa = PBXNativeTarget;
			buildConfigurationList = C49D26D51A3591E100FA192F /* Build configuration list for PBXNativeTarget "iyoursTests" */;
			buildPhases = (
				C49D26C41A3591E100FA192F /* Sources */,
				C49D26C51A3591E100FA192F /* Frameworks */,
				C49D26C61A3591E100FA192F /* Resources */,
			);
			buildRules = (
			);
			dependencies = (
				C49D26CA1A3591E100FA192F /* PBXTargetDependency */,
			);
			name = iyoursTests;
			productName = iyoursTests;
			productReference = C49D26C81A3591E100FA192F /* iyoursTests.xctest */;
			productType = "com.apple.product-type.bundle.unit-test";
		};
/* End PBXNativeTarget section */

/* Begin PBXProject section */
		C49D26A71A3591E000FA192F /* Project object */ = {
			isa = PBXProject;
			attributes = {
				LastUpgradeCheck = 0610;
				ORGANIZATIONNAME = "o-star";
				TargetAttributes = {
					C49D26AE1A3591E100FA192F = {
						CreatedOnToolsVersion = 6.1;
					};
					C49D26C71A3591E100FA192F = {
						CreatedOnToolsVersion = 6.1;
						TestTargetID = C49D26AE1A3591E100FA192F;
					};
				};
			};
			buildConfigurationList = C49D26AA1A3591E000FA192F /* Build configuration list for PBXProject "iyours" */;
			compatibilityVersion = "Xcode 3.2";
			developmentRegion = English;
			hasScannedForEncodings = 0;
			knownRegions = (
				en,
				Base,
			);
			mainGroup = C49D26A61A3591E000FA192F;
			productRefGroup = C49D26B01A3591E100FA192F /* Products */;
			projectDirPath = "";
			projectRoot = "";
			targets = (
				C49D26AE1A3591E100FA192F /* iyours */,
				C49D26C71A3591E100FA192F /* iyoursTests */,
			);
		};
/* End PBXProject section */

/* Begin PBXResourcesBuildPhase section */
		C49D26AD1A3591E100FA192F /* Resources */ = {
			isa = PBXResourcesBuildPhase;
			buildActionMask = 2147483647;
			files = (
				C49D26C31A3591E100FA192F /* LaunchScreen.xib in Resources */,
				6FBE48F31A381BC1003E490E /* play_select.png in Resources */,
				C49D26C01A3591E100FA192F /* Images.xcassets in Resources */,
				6FBE48F41A381BC1003E490E /* home_select.png in Resources */,
				6FBE48EF1A381BC1003E490E /* download_normal.png in Resources */,
				6FBE48F11A381BC1003E490E /* home_normal.png in Resources */,
				6FBE48D01A37FC81003E490E /* DownLoadViewController.xib in Resources */,
				6FBE48F21A381BC1003E490E /* play_normal.png in Resources */,
				6FBE48CB1A37FC60003E490E /* HomeViewController.xib in Resources */,
				6FBE48D51A37FCCF003E490E /* PlayViewController.xib in Resources */,
				6FBE48F01A381BC1003E490E /* download_select.png in Resources */,
			);
			runOnlyForDeploymentPostprocessing = 0;
		};
		C49D26C61A3591E100FA192F /* Resources */ = {
			isa = PBXResourcesBuildPhase;
			buildActionMask = 2147483647;
			files = (
			);
			runOnlyForDeploymentPostprocessing = 0;
		};
/* End PBXResourcesBuildPhase section */

/* Begin PBXSourcesBuildPhase section */
		C49D26AB1A3591E100FA192F /* Sources */ = {
			isa = PBXSourcesBuildPhase;
			buildActionMask = 2147483647;
			files = (
				C49D26B81A3591E100FA192F /* AppDelegate.m in Sources */,
				C49D26B51A3591E100FA192F /* main.m in Sources */,
				6FBE48C61A37FBF3003E490E /* MainTabBarController.m in Sources */,
				6FBE48DC1A37FD88003E490E /* NSString+Addtion.m in Sources */,
				6FBE48CA1A37FC60003E490E /* HomeViewController.m in Sources */,
				6FBE48D41A37FCCF003E490E /* PlayViewController.m in Sources */,
				6FBE48D91A37FD67003E490E /* UIColor+StringColor.m in Sources */,
				6FBE48CF1A37FC81003E490E /* DownLoadViewController.m in Sources */,
			);
			runOnlyForDeploymentPostprocessing = 0;
		};
		C49D26C41A3591E100FA192F /* Sources */ = {
			isa = PBXSourcesBuildPhase;
			buildActionMask = 2147483647;
			files = (
				C49D26CF1A3591E100FA192F /* iyoursTests.m in Sources */,
			);
			runOnlyForDeploymentPostprocessing = 0;
		};
/* End PBXSourcesBuildPhase section */

/* Begin PBXTargetDependency section */
		C49D26CA1A3591E100FA192F /* PBXTargetDependency */ = {
			isa = PBXTargetDependency;
			target = C49D26AE1A3591E100FA192F /* iyours */;
			targetProxy = C49D26C91A3591E100FA192F /* PBXContainerItemProxy */;
		};
/* End PBXTargetDependency section */

/* Begin PBXVariantGroup section */
		C49D26C11A3591E100FA192F /* LaunchScreen.xib */ = {
			isa = PBXVariantGroup;
			children = (
				C49D26C21A3591E100FA192F /* Base */,
			);
			name = LaunchScreen.xib;
			sourceTree = "<group>";
		};
/* End PBXVariantGroup section */

/* Begin XCBuildConfiguration section */
		C49D26D01A3591E100FA192F /* Debug */ = {
			isa = XCBuildConfiguration;
			buildSettings = {
				ALWAYS_SEARCH_USER_PATHS = NO;
				CLANG_CXX_LANGUAGE_STANDARD = "gnu++0x";
				CLANG_CXX_LIBRARY = "libc++";
				CLANG_ENABLE_MODULES = YES;
				CLANG_ENABLE_OBJC_ARC = YES;
				CLANG_WARN_BOOL_CONVERSION = YES;
				CLANG_WARN_CONSTANT_CONVERSION = YES;
				CLANG_WARN_DIRECT_OBJC_ISA_USAGE = YES_ERROR;
				CLANG_WARN_EMPTY_BODY = YES;
				CLANG_WARN_ENUM_CONVERSION = YES;
				CLANG_WARN_INT_CONVERSION = YES;
				CLANG_WARN_OBJC_ROOT_CLASS = YES_ERROR;
				CLANG_WARN_UNREACHABLE_CODE = YES;
				CLANG_WARN__DUPLICATE_METHOD_MATCH = YES;
				"CODE_SIGN_IDENTITY[sdk=iphoneos*]" = "iPhone Developer";
				COPY_PHASE_STRIP = NO;
				ENABLE_STRICT_OBJC_MSGSEND = YES;
				GCC_C_LANGUAGE_STANDARD = gnu99;
				GCC_DYNAMIC_NO_PIC = NO;
				GCC_OPTIMIZATION_LEVEL = 0;
				GCC_PREPROCESSOR_DEFINITIONS = (
					"DEBUG=1",
					"$(inherited)",
				);
				GCC_SYMBOLS_PRIVATE_EXTERN = NO;
				GCC_WARN_64_TO_32_BIT_CONVERSION = YES;
				GCC_WARN_ABOUT_RETURN_TYPE = YES_ERROR;
				GCC_WARN_UNDECLARED_SELECTOR = YES;
				GCC_WARN_UNINITIALIZED_AUTOS = YES_AGGRESSIVE;
				GCC_WARN_UNUSED_FUNCTION = YES;
				GCC_WARN_UNUSED_VARIABLE = YES;
				IPHONEOS_DEPLOYMENT_TARGET = 8.1;
				MTL_ENABLE_DEBUG_INFO = YES;
				ONLY_ACTIVE_ARCH = YES;
				SDKROOT = iphoneos;
			};
			name = Debug;
		};
		C49D26D11A3591E100FA192F /* Release */ = {
			isa = XCBuildConfiguration;
			buildSettings = {
				ALWAYS_SEARCH_USER_PATHS = NO;
				CLANG_CXX_LANGUAGE_STANDARD = "gnu++0x";
				CLANG_CXX_LIBRARY = "libc++";
				CLANG_ENABLE_MODULES = YES;
				CLANG_ENABLE_OBJC_ARC = YES;
				CLANG_WARN_BOOL_CONVERSION = YES;
				CLANG_WARN_CONSTANT_CONVERSION = YES;
				CLANG_WARN_DIRECT_OBJC_ISA_USAGE = YES_ERROR;
				CLANG_WARN_EMPTY_BODY = YES;
				CLANG_WARN_ENUM_CONVERSION = YES;
				CLANG_WARN_INT_CONVERSION = YES;
				CLANG_WARN_OBJC_ROOT_CLASS = YES_ERROR;
				CLANG_WARN_UNREACHABLE_CODE = YES;
				CLANG_WARN__DUPLICATE_METHOD_MATCH = YES;
				"CODE_SIGN_IDENTITY[sdk=iphoneos*]" = "iPhone Developer";
				COPY_PHASE_STRIP = YES;
				ENABLE_NS_ASSERTIONS = NO;
				ENABLE_STRICT_OBJC_MSGSEND = YES;
				GCC_C_LANGUAGE_STANDARD = gnu99;
				GCC_WARN_64_TO_32_BIT_CONVERSION = YES;
				GCC_WARN_ABOUT_RETURN_TYPE = YES_ERROR;
				GCC_WARN_UNDECLARED_SELECTOR = YES;
				GCC_WARN_UNINITIALIZED_AUTOS = YES_AGGRESSIVE;
				GCC_WARN_UNUSED_FUNCTION = YES;
				GCC_WARN_UNUSED_VARIABLE = YES;
				IPHONEOS_DEPLOYMENT_TARGET = 8.1;
				MTL_ENABLE_DEBUG_INFO = NO;
				SDKROOT = iphoneos;
				VALIDATE_PRODUCT = YES;
			};
			name = Release;
		};
		C49D26D31A3591E100FA192F /* Debug */ = {
			isa = XCBuildConfiguration;
			buildSettings = {
				ASSETCATALOG_COMPILER_APPICON_NAME = AppIcon;
				INFOPLIST_FILE = iyours/Info.plist;
				IPHONEOS_DEPLOYMENT_TARGET = 7.1;
				LD_RUNPATH_SEARCH_PATHS = "$(inherited) @executable_path/Frameworks";
				PRODUCT_NAME = "$(TARGET_NAME)";
			};
			name = Debug;
		};
		C49D26D41A3591E100FA192F /* Release */ = {
			isa = XCBuildConfiguration;
			buildSettings = {
				ASSETCATALOG_COMPILER_APPICON_NAME = AppIcon;
				INFOPLIST_FILE = iyours/Info.plist;
				IPHONEOS_DEPLOYMENT_TARGET = 7.1;
				LD_RUNPATH_SEARCH_PATHS = "$(inherited) @executable_path/Frameworks";
				PRODUCT_NAME = "$(TARGET_NAME)";
			};
			name = Release;
		};
		C49D26D61A3591E100FA192F /* Debug */ = {
			isa = XCBuildConfiguration;
			buildSettings = {
				BUNDLE_LOADER = "$(TEST_HOST)";
				FRAMEWORK_SEARCH_PATHS = (
					"$(SDKROOT)/Developer/Library/Frameworks",
					"$(inherited)",
				);
				GCC_PREPROCESSOR_DEFINITIONS = (
					"DEBUG=1",
					"$(inherited)",
				);
				INFOPLIST_FILE = iyoursTests/Info.plist;
				LD_RUNPATH_SEARCH_PATHS = "$(inherited) @executable_path/Frameworks @loader_path/Frameworks";
				PRODUCT_NAME = "$(TARGET_NAME)";
				TEST_HOST = "$(BUILT_PRODUCTS_DIR)/iyours.app/iyours";
			};
			name = Debug;
		};
		C49D26D71A3591E100FA192F /* Release */ = {
			isa = XCBuildConfiguration;
			buildSettings = {
				BUNDLE_LOADER = "$(TEST_HOST)";
				FRAMEWORK_SEARCH_PATHS = (
					"$(SDKROOT)/Developer/Library/Frameworks",
					"$(inherited)",
				);
				INFOPLIST_FILE = iyoursTests/Info.plist;
				LD_RUNPATH_SEARCH_PATHS = "$(inherited) @executable_path/Frameworks @loader_path/Frameworks";
				PRODUCT_NAME = "$(TARGET_NAME)";
				TEST_HOST = "$(BUILT_PRODUCTS_DIR)/iyours.app/iyours";
			};
			name = Release;
		};
/* End XCBuildConfiguration section */

/* Begin XCConfigurationList section */
		C49D26AA1A3591E000FA192F /* Build configuration list for PBXProject "iyours" */ = {
			isa = XCConfigurationList;
			buildConfigurations = (
				C49D26D01A3591E100FA192F /* Debug */,
				C49D26D11A3591E100FA192F /* Release */,
			);
			defaultConfigurationIsVisible = 0;
			defaultConfigurationName = Release;
		};
		C49D26D21A3591E100FA192F /* Build configuration list for PBXNativeTarget "iyours" */ = {
			isa = XCConfigurationList;
			buildConfigurations = (
				C49D26D31A3591E100FA192F /* Debug */,
				C49D26D41A3591E100FA192F /* Release */,
			);
			defaultConfigurationIsVisible = 0;
			defaultConfigurationName = Release;
		};
		C49D26D51A3591E100FA192F /* Build configuration list for PBXNativeTarget "iyoursTests" */ = {
			isa = XCConfigurationList;
			buildConfigurations = (
				C49D26D61A3591E100FA192F /* Debug */,
				C49D26D71A3591E100FA192F /* Release */,
			);
			defaultConfigurationIsVisible = 0;
			defaultConfigurationName = Release;
		};
/* End XCConfigurationList section */
	};
	rootObject = C49D26A71A3591E000FA192F /* Project object */;
}
